// !$*UTF8*$!
{
	archiveVersion = 1;
	classes = {
	};
	objectVersion = 56;
	objects = {

/* Begin PBXBuildFile section */
		4E0A17DE2A0C679A0073B861 /* AppDelegate.swift in Sources */ = {isa = PBXBuildFile; fileRef = 4E0A17DD2A0C679A0073B861 /* AppDelegate.swift */; };
		4E0A17E02A0C679A0073B861 /* SceneDelegate.swift in Sources */ = {isa = PBXBuildFile; fileRef = 4E0A17DF2A0C679A0073B861 /* SceneDelegate.swift */; };
		4E0A17E22A0C679A0073B861 /* HomeMenuController.swift in Sources */ = {isa = PBXBuildFile; fileRef = 4E0A17E12A0C679A0073B861 /* HomeMenuController.swift */; };
		4E0A17E72A0C679C0073B861 /* Assets.xcassets in Resources */ = {isa = PBXBuildFile; fileRef = 4E0A17E62A0C679C0073B861 /* Assets.xcassets */; };
		4E0A17EA2A0C679C0073B861 /* LaunchScreen.storyboard in Resources */ = {isa = PBXBuildFile; fileRef = 4E0A17E82A0C679C0073B861 /* LaunchScreen.storyboard */; };
		4E0A17F52A0C679D0073B861 /* RickAndMortyTests.swift in Sources */ = {isa = PBXBuildFile; fileRef = 4E0A17F42A0C679D0073B861 /* RickAndMortyTests.swift */; };
		4E0A182D2A0DBEDA0073B861 /* Coordinator.swift in Sources */ = {isa = PBXBuildFile; fileRef = 4E0A182C2A0DBEDA0073B861 /* Coordinator.swift */; };
		4E0A18302A0DBF9C0073B861 /* AppCoordinator.swift in Sources */ = {isa = PBXBuildFile; fileRef = 4E0A182F2A0DBF9C0073B861 /* AppCoordinator.swift */; };
		4E0A18322A0DC0980073B861 /* AppFactory.swift in Sources */ = {isa = PBXBuildFile; fileRef = 4E0A18312A0DC0980073B861 /* AppFactory.swift */; };
		4E0A18342A1143A70073B861 /* HomeCoordinator.swift in Sources */ = {isa = PBXBuildFile; fileRef = 4E0A18332A1143A70073B861 /* HomeCoordinator.swift */; };
		4E0A18362A1144130073B861 /* HomeFactory.swift in Sources */ = {isa = PBXBuildFile; fileRef = 4E0A18352A1144130073B861 /* HomeFactory.swift */; };
		4E0A18382A11532F0073B861 /* ItemHomeMenuCell.swift in Sources */ = {isa = PBXBuildFile; fileRef = 4E0A18372A11532F0073B861 /* ItemHomeMenuCell.swift */; };
		4E0A183A2A1155270073B861 /* UIView+Constraints.swift in Sources */ = {isa = PBXBuildFile; fileRef = 4E0A18392A1155270073B861 /* UIView+Constraints.swift */; };
		4E0A183C2A11A6D40073B861 /* Reusable.swift in Sources */ = {isa = PBXBuildFile; fileRef = 4E0A183B2A11A6D40073B861 /* Reusable.swift */; };
		4E0A18422A12F3330073B861 /* MenuRepository.swift in Sources */ = {isa = PBXBuildFile; fileRef = 4E0A18412A12F3330073B861 /* MenuRepository.swift */; };
		4E0A18452A12F39F0073B861 /* MenuItem.swift in Sources */ = {isa = PBXBuildFile; fileRef = 4E0A18442A12F39F0073B861 /* MenuItem.swift */; };
		4E0A18482A12F4260073B861 /* MenuRepositoryImp.swift in Sources */ = {isa = PBXBuildFile; fileRef = 4E0A18472A12F4260073B861 /* MenuRepositoryImp.swift */; };
		4E0A184B2A12F49E0073B861 /* LoadMenuUseCase.swift in Sources */ = {isa = PBXBuildFile; fileRef = 4E0A184A2A12F49E0073B861 /* LoadMenuUseCase.swift */; };
		4E0A184F2A12F60A0073B861 /* HomeMenuViewModel.swift in Sources */ = {isa = PBXBuildFile; fileRef = 4E0A184E2A12F60A0073B861 /* HomeMenuViewModel.swift */; };
		4E0A18512A12F69E0073B861 /* StateController.swift in Sources */ = {isa = PBXBuildFile; fileRef = 4E0A18502A12F69E0073B861 /* StateController.swift */; };
		4E0A18532A12F7840073B861 /* itemHomeMenuViewModel.swift in Sources */ = {isa = PBXBuildFile; fileRef = 4E0A18522A12F7840073B861 /* itemHomeMenuViewModel.swift */; };
		4EAF0D3E2A166DCA00989975 /* ApiClientService.swift in Sources */ = {isa = PBXBuildFile; fileRef = 4EAF0D3D2A166DCA00989975 /* ApiClientService.swift */; };
		4EAF0D412A16703600989975 /* ApiClientServiceImp.swift in Sources */ = {isa = PBXBuildFile; fileRef = 4EAF0D402A16703600989975 /* ApiClientServiceImp.swift */; };
		4EAF0D442A1672F000989975 /* ApiError.swift in Sources */ = {isa = PBXBuildFile; fileRef = 4EAF0D432A1672F000989975 /* ApiError.swift */; };
		4EAF0D472A167E5F00989975 /* HttpResponseStatus.swift in Sources */ = {isa = PBXBuildFile; fileRef = 4EAF0D462A167E5F00989975 /* HttpResponseStatus.swift */; };
		4EAF0D4A2A16917500989975 /* MenuDTO.swift in Sources */ = {isa = PBXBuildFile; fileRef = 4EAF0D492A16917500989975 /* MenuDTO.swift */; };
		4EAF0D4C2A16948500989975 /* MenuDTO+Mapper.swift in Sources */ = {isa = PBXBuildFile; fileRef = 4EAF0D4B2A16948500989975 /* MenuDTO+Mapper.swift */; };
		4EAF0D4E2A16957F00989975 /* PropertyItarator.swift in Sources */ = {isa = PBXBuildFile; fileRef = 4EAF0D4D2A16957F00989975 /* PropertyItarator.swift */; };
		4EAF0D502A169E5E00989975 /* EndPoint.swift in Sources */ = {isa = PBXBuildFile; fileRef = 4EAF0D4F2A169E5E00989975 /* EndPoint.swift */; };
		4EAF0D532A16C71300989975 /* SpinnerDisplayable.swift in Sources */ = {isa = PBXBuildFile; fileRef = 4EAF0D522A16C71300989975 /* SpinnerDisplayable.swift */; };
		4EAF0D552A16C88C00989975 /* ViewValues.swift in Sources */ = {isa = PBXBuildFile; fileRef = 4EAF0D542A16C88B00989975 /* ViewValues.swift */; };
		4EAF0D572A16F97D00989975 /* MessageDisplayable.swift in Sources */ = {isa = PBXBuildFile; fileRef = 4EAF0D562A16F97D00989975 /* MessageDisplayable.swift */; };
		4EAF0D592A18538E00989975 /* AppLocalized.swift in Sources */ = {isa = PBXBuildFile; fileRef = 4EAF0D582A18538E00989975 /* AppLocalized.swift */; };
		4EAF0D5B2A18573700989975 /* Images.swift in Sources */ = {isa = PBXBuildFile; fileRef = 4EAF0D5A2A18573700989975 /* Images.swift */; };
		4EAF0D5D2A190F6200989975 /* HomeCoordinatorValues.swift in Sources */ = {isa = PBXBuildFile; fileRef = 4EAF0D5C2A190F6200989975 /* HomeCoordinatorValues.swift */; };
		4EBBFFCA2A4BABF600953632 /* EpisodesFactory.swift in Sources */ = {isa = PBXBuildFile; fileRef = 4EBBFFC92A4BABF600953632 /* EpisodesFactory.swift */; };
		4EBBFFCC2A4BAF7700953632 /* EpisodesCoordinator.swift in Sources */ = {isa = PBXBuildFile; fileRef = 4EBBFFCB2A4BAF7700953632 /* EpisodesCoordinator.swift */; };
		4EBBFFD02A4BB47400953632 /* EpisodesViewController.swift in Sources */ = {isa = PBXBuildFile; fileRef = 4EBBFFCF2A4BB47400953632 /* EpisodesViewController.swift */; };
		4EBBFFD92A4BBA1A00953632 /* Episode.swift in Sources */ = {isa = PBXBuildFile; fileRef = 4EBBFFD82A4BBA1A00953632 /* Episode.swift */; };
		4EBBFFDB2A4BBAE100953632 /* EpisodeDTO.swift in Sources */ = {isa = PBXBuildFile; fileRef = 4EBBFFDA2A4BBAE100953632 /* EpisodeDTO.swift */; };
		4EBBFFDD2A4BBB9D00953632 /* ResultEpisodeDTO.swift in Sources */ = {isa = PBXBuildFile; fileRef = 4EBBFFDC2A4BBB9D00953632 /* ResultEpisodeDTO.swift */; };
		4EBBFFDF2A4BBCC700953632 /* ResultEpisodeDTO+Mapper.swift in Sources */ = {isa = PBXBuildFile; fileRef = 4EBBFFDE2A4BBCC700953632 /* ResultEpisodeDTO+Mapper.swift */; };
		4EBBFFE12A4BBF0C00953632 /* EpisodesRepository.swift in Sources */ = {isa = PBXBuildFile; fileRef = 4EBBFFE02A4BBF0C00953632 /* EpisodesRepository.swift */; };
		4EBBFFE32A4BC01000953632 /* EpisodesRepositoryImp.swift in Sources */ = {isa = PBXBuildFile; fileRef = 4EBBFFE22A4BC01000953632 /* EpisodesRepositoryImp.swift */; };
		4EBBFFE52A4BC2A100953632 /* LoadEpisodesUseCase.swift in Sources */ = {isa = PBXBuildFile; fileRef = 4EBBFFE42A4BC2A100953632 /* LoadEpisodesUseCase.swift */; };
		4EBBFFE82A4DA05400953632 /* ItemEpisodeViewModel.swift in Sources */ = {isa = PBXBuildFile; fileRef = 4EBBFFE72A4DA05400953632 /* ItemEpisodeViewModel.swift */; };
		4EBBFFEA2A4DA1FA00953632 /* ItemEpisodeTableViewCell.swift in Sources */ = {isa = PBXBuildFile; fileRef = 4EBBFFE92A4DA1FA00953632 /* ItemEpisodeTableViewCell.swift */; };
		4EBBFFEC2A4DC61F00953632 /* CustomPaddingLabel.swift in Sources */ = {isa = PBXBuildFile; fileRef = 4EBBFFEB2A4DC61F00953632 /* CustomPaddingLabel.swift */; };
		4EC122832A40993500A931C5 /* OriginCoordinator.swift in Sources */ = {isa = PBXBuildFile; fileRef = 4EC122822A40993500A931C5 /* OriginCoordinator.swift */; };
		4EC122852A4099FF00A931C5 /* OriginFactory.swift in Sources */ = {isa = PBXBuildFile; fileRef = 4EC122842A4099FF00A931C5 /* OriginFactory.swift */; };
		4EC122872A40A4F700A931C5 /* LocationDetailFactory.swift in Sources */ = {isa = PBXBuildFile; fileRef = 4EC122862A40A4F700A931C5 /* LocationDetailFactory.swift */; };
		4EC122892A40A5B100A931C5 /* LocationDetailCoordinator.swift in Sources */ = {isa = PBXBuildFile; fileRef = 4EC122882A40A5B100A931C5 /* LocationDetailCoordinator.swift */; };
		4EC1228C2A40AB8600A931C5 /* LocationDetailViewController.swift in Sources */ = {isa = PBXBuildFile; fileRef = 4EC1228B2A40AB8600A931C5 /* LocationDetailViewController.swift */; };
		4EC1228F2A40AF0400A931C5 /* OriginViewController.swift in Sources */ = {isa = PBXBuildFile; fileRef = 4EC1228E2A40AF0400A931C5 /* OriginViewController.swift */; };
		4EC122912A40C4D800A931C5 /* LocationsFactory.swift in Sources */ = {isa = PBXBuildFile; fileRef = 4EC122902A40C4D800A931C5 /* LocationsFactory.swift */; };
		4EC122932A40C5B800A931C5 /* LocationsCoordinator.swift in Sources */ = {isa = PBXBuildFile; fileRef = 4EC122922A40C5B800A931C5 /* LocationsCoordinator.swift */; };
		4EC122972A40F0B500A931C5 /* LocationsViewController.swift in Sources */ = {isa = PBXBuildFile; fileRef = 4EC122962A40F0B500A931C5 /* LocationsViewController.swift */; };
		4EC1229C2A40F57600A931C5 /* LocationsRepository.swift in Sources */ = {isa = PBXBuildFile; fileRef = 4EC1229B2A40F57600A931C5 /* LocationsRepository.swift */; };
		4EC122A02A40F7B100A931C5 /* LocationDetailRepository.swift in Sources */ = {isa = PBXBuildFile; fileRef = 4EC1229F2A40F7B100A931C5 /* LocationDetailRepository.swift */; };
		4EC122A52A40F99900A931C5 /* LocationsRepositoryImp.swift in Sources */ = {isa = PBXBuildFile; fileRef = 4EC122A42A40F99900A931C5 /* LocationsRepositoryImp.swift */; };
		4EC122A82A40FC9E00A931C5 /* ResultLocationDTO.swift in Sources */ = {isa = PBXBuildFile; fileRef = 4EC122A72A40FC9E00A931C5 /* ResultLocationDTO.swift */; };
		4EC122AA2A40FD7100A931C5 /* ResultLocationDTO+Mapper.swift in Sources */ = {isa = PBXBuildFile; fileRef = 4EC122A92A40FD7100A931C5 /* ResultLocationDTO+Mapper.swift */; };
		4EC122AD2A4108AE00A931C5 /* LoadLocationsUseCase.swift in Sources */ = {isa = PBXBuildFile; fileRef = 4EC122AC2A4108AE00A931C5 /* LoadLocationsUseCase.swift */; };
		4EC122B12A41150B00A931C5 /* LocationDetailRepositoryImp.swift in Sources */ = {isa = PBXBuildFile; fileRef = 4EC122B02A41150B00A931C5 /* LocationDetailRepositoryImp.swift */; };
		4EC122B32A4116BC00A931C5 /* LocationDTO+Mapper.swift in Sources */ = {isa = PBXBuildFile; fileRef = 4EC122B22A4116BC00A931C5 /* LocationDTO+Mapper.swift */; };
		4EC122B62A41195C00A931C5 /* ItemLocationViewModel.swift in Sources */ = {isa = PBXBuildFile; fileRef = 4EC122B52A41195C00A931C5 /* ItemLocationViewModel.swift */; };
		4EC122B82A411BFF00A931C5 /* ItemLocationTableViewCell.swift in Sources */ = {isa = PBXBuildFile; fileRef = 4EC122B72A411BFF00A931C5 /* ItemLocationTableViewCell.swift */; };
		4EC122BA2A4121BF00A931C5 /* LocationViewModel.swift in Sources */ = {isa = PBXBuildFile; fileRef = 4EC122B92A4121BF00A931C5 /* LocationViewModel.swift */; };
		4EC122BD2A41274000A931C5 /* LocationDetailViewModel.swift in Sources */ = {isa = PBXBuildFile; fileRef = 4EC122BC2A41274000A931C5 /* LocationDetailViewModel.swift */; };
		4EC122C02A41384600A931C5 /* LoadLocationDetailUseCase.swift in Sources */ = {isa = PBXBuildFile; fileRef = 4EC122BF2A41384600A931C5 /* LoadLocationDetailUseCase.swift */; };
		4EE321542A1EDA5C007F9A74 /* ItemCharacterTableViewCell.swift in Sources */ = {isa = PBXBuildFile; fileRef = 4EE321532A1EDA5C007F9A74 /* ItemCharacterTableViewCell.swift */; };
		4EE321572A203343007F9A74 /* Character.swift in Sources */ = {isa = PBXBuildFile; fileRef = 4EE321562A203343007F9A74 /* Character.swift */; };
		4EE321592A2033D9007F9A74 /* StatusCharacter.swift in Sources */ = {isa = PBXBuildFile; fileRef = 4EE321582A2033D9007F9A74 /* StatusCharacter.swift */; };
		4EE3215B2A2035A8007F9A74 /* String+empty.swift in Sources */ = {isa = PBXBuildFile; fileRef = 4EE3215A2A2035A8007F9A74 /* String+empty.swift */; };
		4EE3215D2A20388C007F9A74 /* Specie.swift in Sources */ = {isa = PBXBuildFile; fileRef = 4EE3215C2A20388C007F9A74 /* Specie.swift */; };
		4EE3215F2A203E60007F9A74 /* Origin.swift in Sources */ = {isa = PBXBuildFile; fileRef = 4EE3215E2A203E60007F9A74 /* Origin.swift */; };
		4EE321612A203EBD007F9A74 /* Location.swift in Sources */ = {isa = PBXBuildFile; fileRef = 4EE321602A203EBD007F9A74 /* Location.swift */; };
		4EE321652A203F85007F9A74 /* ResultCharacterDTO.swift in Sources */ = {isa = PBXBuildFile; fileRef = 4EE321642A203F85007F9A74 /* ResultCharacterDTO.swift */; };
		4EE321672A2179C4007F9A74 /* CharacterDTO.swift in Sources */ = {isa = PBXBuildFile; fileRef = 4EE321662A2179C4007F9A74 /* CharacterDTO.swift */; };
		4EE3216A2A217AC8007F9A74 /* OriginDTO.swift in Sources */ = {isa = PBXBuildFile; fileRef = 4EE321692A217AC8007F9A74 /* OriginDTO.swift */; };
		4EE3216C2A217BF1007F9A74 /* LocationDTO.swift in Sources */ = {isa = PBXBuildFile; fileRef = 4EE3216B2A217BF1007F9A74 /* LocationDTO.swift */; };
		4EE3216E2A217C4E007F9A74 /* InfoDTO.swift in Sources */ = {isa = PBXBuildFile; fileRef = 4EE3216D2A217C4E007F9A74 /* InfoDTO.swift */; };
		4EE321732A217EA8007F9A74 /* CharacterRepository.swift in Sources */ = {isa = PBXBuildFile; fileRef = 4EE321722A217EA8007F9A74 /* CharacterRepository.swift */; };
		4EE321752A218014007F9A74 /* Info.swift in Sources */ = {isa = PBXBuildFile; fileRef = 4EE321742A218014007F9A74 /* Info.swift */; };
		4EE321782A21817D007F9A74 /* CharacterRepositoryImp.swift in Sources */ = {isa = PBXBuildFile; fileRef = 4EE321772A21817D007F9A74 /* CharacterRepositoryImp.swift */; };
		4EE3217A2A2184BE007F9A74 /* ResultCharacterDTO+Mapper.swift in Sources */ = {isa = PBXBuildFile; fileRef = 4EE321792A2184BE007F9A74 /* ResultCharacterDTO+Mapper.swift */; };
		4EE3217D2A2815C7007F9A74 /* LoadCharactersUseCase.swift in Sources */ = {isa = PBXBuildFile; fileRef = 4EE3217C2A2815C7007F9A74 /* LoadCharactersUseCase.swift */; };
		4EE321812A281BA9007F9A74 /* CharacterViewModel.swift in Sources */ = {isa = PBXBuildFile; fileRef = 4EE321802A281BA9007F9A74 /* CharacterViewModel.swift */; };
		4EE321832A281CDC007F9A74 /* ItemCharacterViewModel.swift in Sources */ = {isa = PBXBuildFile; fileRef = 4EE321822A281CDC007F9A74 /* ItemCharacterViewModel.swift */; };
		4EE321862A281EEE007F9A74 /* BaseViewModel.swift in Sources */ = {isa = PBXBuildFile; fileRef = 4EE321852A281EEE007F9A74 /* BaseViewModel.swift */; };
		4EE321882A28FB9E007F9A74 /* UITableViewController+SpinnerLast.swift in Sources */ = {isa = PBXBuildFile; fileRef = 4EE321872A28FB9E007F9A74 /* UITableViewController+SpinnerLast.swift */; };
		4EE3218A2A2CF013007F9A74 /* LastPageValidationUseCase.swift in Sources */ = {isa = PBXBuildFile; fileRef = 4EE321892A2CF013007F9A74 /* LastPageValidationUseCase.swift */; };
		4EE3218C2A2EAF79007F9A74 /* RemoteImageDataService.swift in Sources */ = {isa = PBXBuildFile; fileRef = 4EE3218B2A2EAF79007F9A74 /* RemoteImageDataService.swift */; };
		4EE3218E2A2EB05C007F9A74 /* ApiClientServiceImp+RemoteImageDataService.swift in Sources */ = {isa = PBXBuildFile; fileRef = 4EE3218D2A2EB05C007F9A74 /* ApiClientServiceImp+RemoteImageDataService.swift */; };
		4EE321902A2EB3CB007F9A74 /* LocalDataImageService.swift in Sources */ = {isa = PBXBuildFile; fileRef = 4EE3218F2A2EB3CB007F9A74 /* LocalDataImageService.swift */; };
		4EE321932A2EBCA3007F9A74 /* ImageDataRepository.swift in Sources */ = {isa = PBXBuildFile; fileRef = 4EE321922A2EBCA3007F9A74 /* ImageDataRepository.swift */; };
		4EE321962A2EBD9A007F9A74 /* ImageDataRepositoryImp.swift in Sources */ = {isa = PBXBuildFile; fileRef = 4EE321952A2EBD99007F9A74 /* ImageDataRepositoryImp.swift */; };
		4EE321992A2FFB48007F9A74 /* ImageDataUseCase.swift in Sources */ = {isa = PBXBuildFile; fileRef = 4EE321982A2FFB48007F9A74 /* ImageDataUseCase.swift */; };
		4EE3219B2A2FFEE6007F9A74 /* AppContainer.swift in Sources */ = {isa = PBXBuildFile; fileRef = 4EE3219A2A2FFEE6007F9A74 /* AppContainer.swift */; };
		4EE3219D2A3012FA007F9A74 /* UIIMageView+Utils.swift in Sources */ = {isa = PBXBuildFile; fileRef = 4EE3219C2A3012FA007F9A74 /* UIIMageView+Utils.swift */; };
		4EE321A02A34EB60007F9A74 /* CharacterDetailViewController.swift in Sources */ = {isa = PBXBuildFile; fileRef = 4EE3219F2A34EB60007F9A74 /* CharacterDetailViewController.swift */; };
		4EE321A22A34EC45007F9A74 /* CharacterDetailCoordinator.swift in Sources */ = {isa = PBXBuildFile; fileRef = 4EE321A12A34EC45007F9A74 /* CharacterDetailCoordinator.swift */; };
		4EE321A42A34ECC6007F9A74 /* CharacterDetailFactory.swift in Sources */ = {isa = PBXBuildFile; fileRef = 4EE321A32A34ECC6007F9A74 /* CharacterDetailFactory.swift */; };
		4EE321A92A353DF5007F9A74 /* CharacterDetailRepository.swift in Sources */ = {isa = PBXBuildFile; fileRef = 4EE321A82A353DF5007F9A74 /* CharacterDetailRepository.swift */; };
		4EE321AC2A353F20007F9A74 /* CharacterDetailRepositoryImp.swift in Sources */ = {isa = PBXBuildFile; fileRef = 4EE321AB2A353F20007F9A74 /* CharacterDetailRepositoryImp.swift */; };
		4EE321AF2A354119007F9A74 /* CharacterDTO+Mapper.swift in Sources */ = {isa = PBXBuildFile; fileRef = 4EE321AE2A354119007F9A74 /* CharacterDTO+Mapper.swift */; };
		4EE321B22A362FF5007F9A74 /* LoadCharacterDetailUseCase.swift in Sources */ = {isa = PBXBuildFile; fileRef = 4EE321B12A362FF5007F9A74 /* LoadCharacterDetailUseCase.swift */; };
		4EE321B62A363645007F9A74 /* CharacterDetailViewModel.swift in Sources */ = {isa = PBXBuildFile; fileRef = 4EE321B52A363645007F9A74 /* CharacterDetailViewModel.swift */; };
		4EED25C12A1AC68C00D43823 /* CharacterFactory.swift in Sources */ = {isa = PBXBuildFile; fileRef = 4EED25C02A1AC68C00D43823 /* CharacterFactory.swift */; };
		4EED25C42A1AD09900D43823 /* CharacterViewController.swift in Sources */ = {isa = PBXBuildFile; fileRef = 4EED25C32A1AD09900D43823 /* CharacterViewController.swift */; };
		4EED25C62A1AD30300D43823 /* CharacterCoordinator.swift in Sources */ = {isa = PBXBuildFile; fileRef = 4EED25C52A1AD30300D43823 /* CharacterCoordinator.swift */; };
/* End PBXBuildFile section */

/* Begin PBXContainerItemProxy section */
		4E0A17F12A0C679D0073B861 /* PBXContainerItemProxy */ = {
			isa = PBXContainerItemProxy;
			containerPortal = 4E0A17D22A0C679A0073B861 /* Project object */;
			proxyType = 1;
			remoteGlobalIDString = 4E0A17D92A0C679A0073B861;
			remoteInfo = RickAndMorty;
		};
		4E0A17FB2A0C679D0073B861 /* PBXContainerItemProxy */ = {
			isa = PBXContainerItemProxy;
			containerPortal = 4E0A17D22A0C679A0073B861 /* Project object */;
			proxyType = 1;
			remoteGlobalIDString = 4E0A17D92A0C679A0073B861;
			remoteInfo = RickAndMorty;
		};
/* End PBXContainerItemProxy section */

/* Begin PBXFileReference section */
		4E0A17DA2A0C679A0073B861 /* RickAndMorty.app */ = {isa = PBXFileReference; explicitFileType = wrapper.application; includeInIndex = 0; path = RickAndMorty.app; sourceTree = BUILT_PRODUCTS_DIR; };
		4E0A17DD2A0C679A0073B861 /* AppDelegate.swift */ = {isa = PBXFileReference; lastKnownFileType = sourcecode.swift; path = AppDelegate.swift; sourceTree = "<group>"; };
		4E0A17DF2A0C679A0073B861 /* SceneDelegate.swift */ = {isa = PBXFileReference; lastKnownFileType = sourcecode.swift; path = SceneDelegate.swift; sourceTree = "<group>"; };
		4E0A17E12A0C679A0073B861 /* HomeMenuController.swift */ = {isa = PBXFileReference; lastKnownFileType = sourcecode.swift; path = HomeMenuController.swift; sourceTree = "<group>"; };
		4E0A17E62A0C679C0073B861 /* Assets.xcassets */ = {isa = PBXFileReference; lastKnownFileType = folder.assetcatalog; path = Assets.xcassets; sourceTree = "<group>"; };
		4E0A17E92A0C679C0073B861 /* Base */ = {isa = PBXFileReference; lastKnownFileType = file.storyboard; name = Base; path = Base.lproj/LaunchScreen.storyboard; sourceTree = "<group>"; };
		4E0A17EB2A0C679C0073B861 /* Info.plist */ = {isa = PBXFileReference; lastKnownFileType = text.plist.xml; path = Info.plist; sourceTree = "<group>"; };
		4E0A17F02A0C679D0073B861 /* RickAndMortyTests.xctest */ = {isa = PBXFileReference; explicitFileType = wrapper.cfbundle; includeInIndex = 0; path = RickAndMortyTests.xctest; sourceTree = BUILT_PRODUCTS_DIR; };
		4E0A17F42A0C679D0073B861 /* RickAndMortyTests.swift */ = {isa = PBXFileReference; lastKnownFileType = sourcecode.swift; path = RickAndMortyTests.swift; sourceTree = "<group>"; };
		4E0A17FA2A0C679D0073B861 /* RickAndMortyUITests.xctest */ = {isa = PBXFileReference; explicitFileType = wrapper.cfbundle; includeInIndex = 0; path = RickAndMortyUITests.xctest; sourceTree = BUILT_PRODUCTS_DIR; };
		4E0A182C2A0DBEDA0073B861 /* Coordinator.swift */ = {isa = PBXFileReference; lastKnownFileType = sourcecode.swift; path = Coordinator.swift; sourceTree = "<group>"; };
		4E0A182F2A0DBF9C0073B861 /* AppCoordinator.swift */ = {isa = PBXFileReference; lastKnownFileType = sourcecode.swift; path = AppCoordinator.swift; sourceTree = "<group>"; };
		4E0A18312A0DC0980073B861 /* AppFactory.swift */ = {isa = PBXFileReference; lastKnownFileType = sourcecode.swift; path = AppFactory.swift; sourceTree = "<group>"; };
		4E0A18332A1143A70073B861 /* HomeCoordinator.swift */ = {isa = PBXFileReference; lastKnownFileType = sourcecode.swift; path = HomeCoordinator.swift; sourceTree = "<group>"; };
		4E0A18352A1144130073B861 /* HomeFactory.swift */ = {isa = PBXFileReference; lastKnownFileType = sourcecode.swift; path = HomeFactory.swift; sourceTree = "<group>"; };
		4E0A18372A11532F0073B861 /* ItemHomeMenuCell.swift */ = {isa = PBXFileReference; lastKnownFileType = sourcecode.swift; path = ItemHomeMenuCell.swift; sourceTree = "<group>"; };
		4E0A18392A1155270073B861 /* UIView+Constraints.swift */ = {isa = PBXFileReference; lastKnownFileType = sourcecode.swift; path = "UIView+Constraints.swift"; sourceTree = "<group>"; };
		4E0A183B2A11A6D40073B861 /* Reusable.swift */ = {isa = PBXFileReference; lastKnownFileType = sourcecode.swift; path = Reusable.swift; sourceTree = "<group>"; };
		4E0A18412A12F3330073B861 /* MenuRepository.swift */ = {isa = PBXFileReference; lastKnownFileType = sourcecode.swift; path = MenuRepository.swift; sourceTree = "<group>"; };
		4E0A18442A12F39F0073B861 /* MenuItem.swift */ = {isa = PBXFileReference; lastKnownFileType = sourcecode.swift; path = MenuItem.swift; sourceTree = "<group>"; };
		4E0A18472A12F4260073B861 /* MenuRepositoryImp.swift */ = {isa = PBXFileReference; lastKnownFileType = sourcecode.swift; path = MenuRepositoryImp.swift; sourceTree = "<group>"; };
		4E0A184A2A12F49E0073B861 /* LoadMenuUseCase.swift */ = {isa = PBXFileReference; lastKnownFileType = sourcecode.swift; path = LoadMenuUseCase.swift; sourceTree = "<group>"; };
		4E0A184E2A12F60A0073B861 /* HomeMenuViewModel.swift */ = {isa = PBXFileReference; lastKnownFileType = sourcecode.swift; path = HomeMenuViewModel.swift; sourceTree = "<group>"; };
		4E0A18502A12F69E0073B861 /* StateController.swift */ = {isa = PBXFileReference; lastKnownFileType = sourcecode.swift; path = StateController.swift; sourceTree = "<group>"; };
		4E0A18522A12F7840073B861 /* itemHomeMenuViewModel.swift */ = {isa = PBXFileReference; lastKnownFileType = sourcecode.swift; path = itemHomeMenuViewModel.swift; sourceTree = "<group>"; };
		4EAF0D3D2A166DCA00989975 /* ApiClientService.swift */ = {isa = PBXFileReference; lastKnownFileType = sourcecode.swift; path = ApiClientService.swift; sourceTree = "<group>"; };
		4EAF0D402A16703600989975 /* ApiClientServiceImp.swift */ = {isa = PBXFileReference; lastKnownFileType = sourcecode.swift; path = ApiClientServiceImp.swift; sourceTree = "<group>"; };
		4EAF0D432A1672F000989975 /* ApiError.swift */ = {isa = PBXFileReference; lastKnownFileType = sourcecode.swift; path = ApiError.swift; sourceTree = "<group>"; };
		4EAF0D462A167E5F00989975 /* HttpResponseStatus.swift */ = {isa = PBXFileReference; lastKnownFileType = sourcecode.swift; path = HttpResponseStatus.swift; sourceTree = "<group>"; };
		4EAF0D492A16917500989975 /* MenuDTO.swift */ = {isa = PBXFileReference; lastKnownFileType = sourcecode.swift; path = MenuDTO.swift; sourceTree = "<group>"; };
		4EAF0D4B2A16948500989975 /* MenuDTO+Mapper.swift */ = {isa = PBXFileReference; lastKnownFileType = sourcecode.swift; path = "MenuDTO+Mapper.swift"; sourceTree = "<group>"; };
		4EAF0D4D2A16957F00989975 /* PropertyItarator.swift */ = {isa = PBXFileReference; lastKnownFileType = sourcecode.swift; path = PropertyItarator.swift; sourceTree = "<group>"; };
		4EAF0D4F2A169E5E00989975 /* EndPoint.swift */ = {isa = PBXFileReference; lastKnownFileType = sourcecode.swift; path = EndPoint.swift; sourceTree = "<group>"; };
		4EAF0D522A16C71300989975 /* SpinnerDisplayable.swift */ = {isa = PBXFileReference; lastKnownFileType = sourcecode.swift; path = SpinnerDisplayable.swift; sourceTree = "<group>"; };
		4EAF0D542A16C88B00989975 /* ViewValues.swift */ = {isa = PBXFileReference; lastKnownFileType = sourcecode.swift; path = ViewValues.swift; sourceTree = "<group>"; };
		4EAF0D562A16F97D00989975 /* MessageDisplayable.swift */ = {isa = PBXFileReference; lastKnownFileType = sourcecode.swift; path = MessageDisplayable.swift; sourceTree = "<group>"; };
		4EAF0D582A18538E00989975 /* AppLocalized.swift */ = {isa = PBXFileReference; lastKnownFileType = sourcecode.swift; path = AppLocalized.swift; sourceTree = "<group>"; };
		4EAF0D5A2A18573700989975 /* Images.swift */ = {isa = PBXFileReference; lastKnownFileType = sourcecode.swift; path = Images.swift; sourceTree = "<group>"; };
		4EAF0D5C2A190F6200989975 /* HomeCoordinatorValues.swift */ = {isa = PBXFileReference; lastKnownFileType = sourcecode.swift; path = HomeCoordinatorValues.swift; sourceTree = "<group>"; };
		4EBBFFC92A4BABF600953632 /* EpisodesFactory.swift */ = {isa = PBXFileReference; lastKnownFileType = sourcecode.swift; path = EpisodesFactory.swift; sourceTree = "<group>"; };
		4EBBFFCB2A4BAF7700953632 /* EpisodesCoordinator.swift */ = {isa = PBXFileReference; lastKnownFileType = sourcecode.swift; path = EpisodesCoordinator.swift; sourceTree = "<group>"; };
		4EBBFFCF2A4BB47400953632 /* EpisodesViewController.swift */ = {isa = PBXFileReference; lastKnownFileType = sourcecode.swift; path = EpisodesViewController.swift; sourceTree = "<group>"; };
		4EBBFFD82A4BBA1A00953632 /* Episode.swift */ = {isa = PBXFileReference; lastKnownFileType = sourcecode.swift; path = Episode.swift; sourceTree = "<group>"; };
		4EBBFFDA2A4BBAE100953632 /* EpisodeDTO.swift */ = {isa = PBXFileReference; lastKnownFileType = sourcecode.swift; path = EpisodeDTO.swift; sourceTree = "<group>"; };
		4EBBFFDC2A4BBB9D00953632 /* ResultEpisodeDTO.swift */ = {isa = PBXFileReference; lastKnownFileType = sourcecode.swift; path = ResultEpisodeDTO.swift; sourceTree = "<group>"; };
		4EBBFFDE2A4BBCC700953632 /* ResultEpisodeDTO+Mapper.swift */ = {isa = PBXFileReference; lastKnownFileType = sourcecode.swift; path = "ResultEpisodeDTO+Mapper.swift"; sourceTree = "<group>"; };
		4EBBFFE02A4BBF0C00953632 /* EpisodesRepository.swift */ = {isa = PBXFileReference; lastKnownFileType = sourcecode.swift; path = EpisodesRepository.swift; sourceTree = "<group>"; };
		4EBBFFE22A4BC01000953632 /* EpisodesRepositoryImp.swift */ = {isa = PBXFileReference; lastKnownFileType = sourcecode.swift; path = EpisodesRepositoryImp.swift; sourceTree = "<group>"; };
		4EBBFFE42A4BC2A100953632 /* LoadEpisodesUseCase.swift */ = {isa = PBXFileReference; lastKnownFileType = sourcecode.swift; path = LoadEpisodesUseCase.swift; sourceTree = "<group>"; };
		4EBBFFE72A4DA05400953632 /* ItemEpisodeViewModel.swift */ = {isa = PBXFileReference; lastKnownFileType = sourcecode.swift; path = ItemEpisodeViewModel.swift; sourceTree = "<group>"; };
		4EBBFFE92A4DA1FA00953632 /* ItemEpisodeTableViewCell.swift */ = {isa = PBXFileReference; lastKnownFileType = sourcecode.swift; path = ItemEpisodeTableViewCell.swift; sourceTree = "<group>"; };
		4EBBFFEB2A4DC61F00953632 /* CustomPaddingLabel.swift */ = {isa = PBXFileReference; lastKnownFileType = sourcecode.swift; path = CustomPaddingLabel.swift; sourceTree = "<group>"; };
		4EC122822A40993500A931C5 /* OriginCoordinator.swift */ = {isa = PBXFileReference; lastKnownFileType = sourcecode.swift; path = OriginCoordinator.swift; sourceTree = "<group>"; };
		4EC122842A4099FF00A931C5 /* OriginFactory.swift */ = {isa = PBXFileReference; lastKnownFileType = sourcecode.swift; path = OriginFactory.swift; sourceTree = "<group>"; };
		4EC122862A40A4F700A931C5 /* LocationDetailFactory.swift */ = {isa = PBXFileReference; lastKnownFileType = sourcecode.swift; path = LocationDetailFactory.swift; sourceTree = "<group>"; };
		4EC122882A40A5B100A931C5 /* LocationDetailCoordinator.swift */ = {isa = PBXFileReference; lastKnownFileType = sourcecode.swift; path = LocationDetailCoordinator.swift; sourceTree = "<group>"; };
		4EC1228B2A40AB8600A931C5 /* LocationDetailViewController.swift */ = {isa = PBXFileReference; lastKnownFileType = sourcecode.swift; path = LocationDetailViewController.swift; sourceTree = "<group>"; };
		4EC1228E2A40AF0400A931C5 /* OriginViewController.swift */ = {isa = PBXFileReference; lastKnownFileType = sourcecode.swift; path = OriginViewController.swift; sourceTree = "<group>"; };
		4EC122902A40C4D800A931C5 /* LocationsFactory.swift */ = {isa = PBXFileReference; lastKnownFileType = sourcecode.swift; path = LocationsFactory.swift; sourceTree = "<group>"; };
		4EC122922A40C5B800A931C5 /* LocationsCoordinator.swift */ = {isa = PBXFileReference; lastKnownFileType = sourcecode.swift; path = LocationsCoordinator.swift; sourceTree = "<group>"; };
		4EC122962A40F0B500A931C5 /* LocationsViewController.swift */ = {isa = PBXFileReference; lastKnownFileType = sourcecode.swift; path = LocationsViewController.swift; sourceTree = "<group>"; };
		4EC1229B2A40F57600A931C5 /* LocationsRepository.swift */ = {isa = PBXFileReference; lastKnownFileType = sourcecode.swift; path = LocationsRepository.swift; sourceTree = "<group>"; };
		4EC1229F2A40F7B100A931C5 /* LocationDetailRepository.swift */ = {isa = PBXFileReference; lastKnownFileType = sourcecode.swift; path = LocationDetailRepository.swift; sourceTree = "<group>"; };
		4EC122A42A40F99900A931C5 /* LocationsRepositoryImp.swift */ = {isa = PBXFileReference; lastKnownFileType = sourcecode.swift; path = LocationsRepositoryImp.swift; sourceTree = "<group>"; };
		4EC122A72A40FC9E00A931C5 /* ResultLocationDTO.swift */ = {isa = PBXFileReference; lastKnownFileType = sourcecode.swift; path = ResultLocationDTO.swift; sourceTree = "<group>"; };
		4EC122A92A40FD7100A931C5 /* ResultLocationDTO+Mapper.swift */ = {isa = PBXFileReference; lastKnownFileType = sourcecode.swift; path = "ResultLocationDTO+Mapper.swift"; sourceTree = "<group>"; };
		4EC122AC2A4108AE00A931C5 /* LoadLocationsUseCase.swift */ = {isa = PBXFileReference; lastKnownFileType = sourcecode.swift; path = LoadLocationsUseCase.swift; sourceTree = "<group>"; };
		4EC122B02A41150B00A931C5 /* LocationDetailRepositoryImp.swift */ = {isa = PBXFileReference; lastKnownFileType = sourcecode.swift; path = LocationDetailRepositoryImp.swift; sourceTree = "<group>"; };
		4EC122B22A4116BC00A931C5 /* LocationDTO+Mapper.swift */ = {isa = PBXFileReference; lastKnownFileType = sourcecode.swift; path = "LocationDTO+Mapper.swift"; sourceTree = "<group>"; };
		4EC122B52A41195C00A931C5 /* ItemLocationViewModel.swift */ = {isa = PBXFileReference; lastKnownFileType = sourcecode.swift; path = ItemLocationViewModel.swift; sourceTree = "<group>"; };
		4EC122B72A411BFF00A931C5 /* ItemLocationTableViewCell.swift */ = {isa = PBXFileReference; lastKnownFileType = sourcecode.swift; path = ItemLocationTableViewCell.swift; sourceTree = "<group>"; };
		4EC122B92A4121BF00A931C5 /* LocationViewModel.swift */ = {isa = PBXFileReference; lastKnownFileType = sourcecode.swift; path = LocationViewModel.swift; sourceTree = "<group>"; };
		4EC122BC2A41274000A931C5 /* LocationDetailViewModel.swift */ = {isa = PBXFileReference; lastKnownFileType = sourcecode.swift; path = LocationDetailViewModel.swift; sourceTree = "<group>"; };
		4EC122BF2A41384600A931C5 /* LoadLocationDetailUseCase.swift */ = {isa = PBXFileReference; lastKnownFileType = sourcecode.swift; path = LoadLocationDetailUseCase.swift; sourceTree = "<group>"; };
		4EE321532A1EDA5C007F9A74 /* ItemCharacterTableViewCell.swift */ = {isa = PBXFileReference; lastKnownFileType = sourcecode.swift; path = ItemCharacterTableViewCell.swift; sourceTree = "<group>"; };
		4EE321562A203343007F9A74 /* Character.swift */ = {isa = PBXFileReference; lastKnownFileType = sourcecode.swift; path = Character.swift; sourceTree = "<group>"; };
		4EE321582A2033D9007F9A74 /* StatusCharacter.swift */ = {isa = PBXFileReference; lastKnownFileType = sourcecode.swift; path = StatusCharacter.swift; sourceTree = "<group>"; };
		4EE3215A2A2035A8007F9A74 /* String+empty.swift */ = {isa = PBXFileReference; lastKnownFileType = sourcecode.swift; path = "String+empty.swift"; sourceTree = "<group>"; };
		4EE3215C2A20388C007F9A74 /* Specie.swift */ = {isa = PBXFileReference; lastKnownFileType = sourcecode.swift; path = Specie.swift; sourceTree = "<group>"; };
		4EE3215E2A203E60007F9A74 /* Origin.swift */ = {isa = PBXFileReference; lastKnownFileType = sourcecode.swift; path = Origin.swift; sourceTree = "<group>"; };
		4EE321602A203EBD007F9A74 /* Location.swift */ = {isa = PBXFileReference; lastKnownFileType = sourcecode.swift; path = Location.swift; sourceTree = "<group>"; };
		4EE321642A203F85007F9A74 /* ResultCharacterDTO.swift */ = {isa = PBXFileReference; lastKnownFileType = sourcecode.swift; path = ResultCharacterDTO.swift; sourceTree = "<group>"; };
		4EE321662A2179C4007F9A74 /* CharacterDTO.swift */ = {isa = PBXFileReference; lastKnownFileType = sourcecode.swift; path = CharacterDTO.swift; sourceTree = "<group>"; };
		4EE321692A217AC8007F9A74 /* OriginDTO.swift */ = {isa = PBXFileReference; lastKnownFileType = sourcecode.swift; path = OriginDTO.swift; sourceTree = "<group>"; };
		4EE3216B2A217BF1007F9A74 /* LocationDTO.swift */ = {isa = PBXFileReference; lastKnownFileType = sourcecode.swift; path = LocationDTO.swift; sourceTree = "<group>"; };
		4EE3216D2A217C4E007F9A74 /* InfoDTO.swift */ = {isa = PBXFileReference; lastKnownFileType = sourcecode.swift; path = InfoDTO.swift; sourceTree = "<group>"; };
		4EE321722A217EA8007F9A74 /* CharacterRepository.swift */ = {isa = PBXFileReference; lastKnownFileType = sourcecode.swift; path = CharacterRepository.swift; sourceTree = "<group>"; };
		4EE321742A218014007F9A74 /* Info.swift */ = {isa = PBXFileReference; lastKnownFileType = sourcecode.swift; path = Info.swift; sourceTree = "<group>"; };
		4EE321772A21817D007F9A74 /* CharacterRepositoryImp.swift */ = {isa = PBXFileReference; lastKnownFileType = sourcecode.swift; path = CharacterRepositoryImp.swift; sourceTree = "<group>"; };
		4EE321792A2184BE007F9A74 /* ResultCharacterDTO+Mapper.swift */ = {isa = PBXFileReference; lastKnownFileType = sourcecode.swift; path = "ResultCharacterDTO+Mapper.swift"; sourceTree = "<group>"; };
		4EE3217C2A2815C7007F9A74 /* LoadCharactersUseCase.swift */ = {isa = PBXFileReference; lastKnownFileType = sourcecode.swift; path = LoadCharactersUseCase.swift; sourceTree = "<group>"; };
		4EE321802A281BA9007F9A74 /* CharacterViewModel.swift */ = {isa = PBXFileReference; lastKnownFileType = sourcecode.swift; path = CharacterViewModel.swift; sourceTree = "<group>"; };
		4EE321822A281CDC007F9A74 /* ItemCharacterViewModel.swift */ = {isa = PBXFileReference; lastKnownFileType = sourcecode.swift; path = ItemCharacterViewModel.swift; sourceTree = "<group>"; };
		4EE321852A281EEE007F9A74 /* BaseViewModel.swift */ = {isa = PBXFileReference; lastKnownFileType = sourcecode.swift; path = BaseViewModel.swift; sourceTree = "<group>"; };
		4EE321872A28FB9E007F9A74 /* UITableViewController+SpinnerLast.swift */ = {isa = PBXFileReference; lastKnownFileType = sourcecode.swift; path = "UITableViewController+SpinnerLast.swift"; sourceTree = "<group>"; };
		4EE321892A2CF013007F9A74 /* LastPageValidationUseCase.swift */ = {isa = PBXFileReference; lastKnownFileType = sourcecode.swift; path = LastPageValidationUseCase.swift; sourceTree = "<group>"; };
		4EE3218B2A2EAF79007F9A74 /* RemoteImageDataService.swift */ = {isa = PBXFileReference; lastKnownFileType = sourcecode.swift; path = RemoteImageDataService.swift; sourceTree = "<group>"; };
		4EE3218D2A2EB05C007F9A74 /* ApiClientServiceImp+RemoteImageDataService.swift */ = {isa = PBXFileReference; lastKnownFileType = sourcecode.swift; path = "ApiClientServiceImp+RemoteImageDataService.swift"; sourceTree = "<group>"; };
		4EE3218F2A2EB3CB007F9A74 /* LocalDataImageService.swift */ = {isa = PBXFileReference; lastKnownFileType = sourcecode.swift; path = LocalDataImageService.swift; sourceTree = "<group>"; };
		4EE321922A2EBCA3007F9A74 /* ImageDataRepository.swift */ = {isa = PBXFileReference; lastKnownFileType = sourcecode.swift; path = ImageDataRepository.swift; sourceTree = "<group>"; };
		4EE321952A2EBD99007F9A74 /* ImageDataRepositoryImp.swift */ = {isa = PBXFileReference; lastKnownFileType = sourcecode.swift; path = ImageDataRepositoryImp.swift; sourceTree = "<group>"; };
		4EE321982A2FFB48007F9A74 /* ImageDataUseCase.swift */ = {isa = PBXFileReference; lastKnownFileType = sourcecode.swift; path = ImageDataUseCase.swift; sourceTree = "<group>"; };
		4EE3219A2A2FFEE6007F9A74 /* AppContainer.swift */ = {isa = PBXFileReference; lastKnownFileType = sourcecode.swift; path = AppContainer.swift; sourceTree = "<group>"; };
		4EE3219C2A3012FA007F9A74 /* UIIMageView+Utils.swift */ = {isa = PBXFileReference; lastKnownFileType = sourcecode.swift; path = "UIIMageView+Utils.swift"; sourceTree = "<group>"; };
		4EE3219F2A34EB60007F9A74 /* CharacterDetailViewController.swift */ = {isa = PBXFileReference; lastKnownFileType = sourcecode.swift; path = CharacterDetailViewController.swift; sourceTree = "<group>"; };
		4EE321A12A34EC45007F9A74 /* CharacterDetailCoordinator.swift */ = {isa = PBXFileReference; lastKnownFileType = sourcecode.swift; path = CharacterDetailCoordinator.swift; sourceTree = "<group>"; };
		4EE321A32A34ECC6007F9A74 /* CharacterDetailFactory.swift */ = {isa = PBXFileReference; lastKnownFileType = sourcecode.swift; path = CharacterDetailFactory.swift; sourceTree = "<group>"; };
		4EE321A82A353DF5007F9A74 /* CharacterDetailRepository.swift */ = {isa = PBXFileReference; lastKnownFileType = sourcecode.swift; path = CharacterDetailRepository.swift; sourceTree = "<group>"; };
		4EE321AB2A353F20007F9A74 /* CharacterDetailRepositoryImp.swift */ = {isa = PBXFileReference; lastKnownFileType = sourcecode.swift; path = CharacterDetailRepositoryImp.swift; sourceTree = "<group>"; };
		4EE321AE2A354119007F9A74 /* CharacterDTO+Mapper.swift */ = {isa = PBXFileReference; lastKnownFileType = sourcecode.swift; path = "CharacterDTO+Mapper.swift"; sourceTree = "<group>"; };
		4EE321B12A362FF5007F9A74 /* LoadCharacterDetailUseCase.swift */ = {isa = PBXFileReference; lastKnownFileType = sourcecode.swift; path = LoadCharacterDetailUseCase.swift; sourceTree = "<group>"; };
		4EE321B52A363645007F9A74 /* CharacterDetailViewModel.swift */ = {isa = PBXFileReference; lastKnownFileType = sourcecode.swift; path = CharacterDetailViewModel.swift; sourceTree = "<group>"; };
		4EED25C02A1AC68C00D43823 /* CharacterFactory.swift */ = {isa = PBXFileReference; lastKnownFileType = sourcecode.swift; path = CharacterFactory.swift; sourceTree = "<group>"; };
		4EED25C32A1AD09900D43823 /* CharacterViewController.swift */ = {isa = PBXFileReference; lastKnownFileType = sourcecode.swift; path = CharacterViewController.swift; sourceTree = "<group>"; };
		4EED25C52A1AD30300D43823 /* CharacterCoordinator.swift */ = {isa = PBXFileReference; lastKnownFileType = sourcecode.swift; path = CharacterCoordinator.swift; sourceTree = "<group>"; };
/* End PBXFileReference section */

/* Begin PBXFrameworksBuildPhase section */
		4E0A17D72A0C679A0073B861 /* Frameworks */ = {
			isa = PBXFrameworksBuildPhase;
			buildActionMask = 2147483647;
			files = (
			);
			runOnlyForDeploymentPostprocessing = 0;
		};
		4E0A17ED2A0C679D0073B861 /* Frameworks */ = {
			isa = PBXFrameworksBuildPhase;
			buildActionMask = 2147483647;
			files = (
			);
			runOnlyForDeploymentPostprocessing = 0;
		};
		4E0A17F72A0C679D0073B861 /* Frameworks */ = {
			isa = PBXFrameworksBuildPhase;
			buildActionMask = 2147483647;
			files = (
			);
			runOnlyForDeploymentPostprocessing = 0;
		};
/* End PBXFrameworksBuildPhase section */

/* Begin PBXGroup section */
		4E0A17D12A0C679A0073B861 = {
			isa = PBXGroup;
			children = (
				4E0A17DC2A0C679A0073B861 /* RickAndMorty */,
				4E0A17F32A0C679D0073B861 /* RickAndMortyTests */,
				4E0A17DB2A0C679A0073B861 /* Products */,
			);
			sourceTree = "<group>";
		};
		4E0A17DB2A0C679A0073B861 /* Products */ = {
			isa = PBXGroup;
			children = (
				4E0A17DA2A0C679A0073B861 /* RickAndMorty.app */,
				4E0A17F02A0C679D0073B861 /* RickAndMortyTests.xctest */,
				4E0A17FA2A0C679D0073B861 /* RickAndMortyUITests.xctest */,
			);
			name = Products;
			sourceTree = "<group>";
		};
		4E0A17DC2A0C679A0073B861 /* RickAndMorty */ = {
			isa = PBXGroup;
			children = (
				4E0A180D2A0C73FA0073B861 /* App */,
				4E0A17EB2A0C679C0073B861 /* Info.plist */,
			);
			path = RickAndMorty;
			sourceTree = "<group>";
		};
		4E0A17F32A0C679D0073B861 /* RickAndMortyTests */ = {
			isa = PBXGroup;
			children = (
				4E0A17F42A0C679D0073B861 /* RickAndMortyTests.swift */,
			);
			path = RickAndMortyTests;
			sourceTree = "<group>";
		};
		4E0A180D2A0C73FA0073B861 /* App */ = {
			isa = PBXGroup;
			children = (
				4E0A18132A0C74F20073B861 /* Storage */,
				4E0A18122A0C74D20073B861 /* Resources */,
				4E0A18112A0C74AB0073B861 /* Networking */,
				4E0A18102A0C748F0073B861 /* Common */,
				4E0A180F2A0C74540073B861 /* ScreenModules */,
				4E0A180E2A0C74170073B861 /* CompositionRoot */,
			);
			path = App;
			sourceTree = "<group>";
		};
		4E0A180E2A0C74170073B861 /* CompositionRoot */ = {
			isa = PBXGroup;
			children = (
				4E0A182B2A0DBD8A0073B861 /* System */,
				4E0A18292A0DBC1C0073B861 /* DIContainer */,
				4E0A18282A0DBC000073B861 /* Factories */,
				4E0A18252A0DBB9C0073B861 /* Coordinator */,
			);
			path = CompositionRoot;
			sourceTree = "<group>";
		};
		4E0A180F2A0C74540073B861 /* ScreenModules */ = {
			isa = PBXGroup;
			children = (
				4E0A182A2A0DBC7D0073B861 /* LaunchScreen */,
				4E0A181A2A0C75DD0073B861 /* LocationDetail */,
				4E0A18192A0C75CC0073B861 /* Origin */,
				4E0A18182A0C75B10073B861 /* Episodes */,
				4E0A18172A0C75A80073B861 /* Locations */,
				4E0A18162A0C758C0073B861 /* CharaterDetail */,
				4E0A18152A0C756F0073B861 /* Characters */,
				4E0A18142A0C75150073B861 /* HomeMenu */,
			);
			path = ScreenModules;
			sourceTree = "<group>";
		};
		4E0A18102A0C748F0073B861 /* Common */ = {
			isa = PBXGroup;
			children = (
				4EAF0D512A16C6E300989975 /* Components */,
				4E0A18242A0DBB500073B861 /* Localize */,
				4E0A18222A0DBB120073B861 /* Utils */,
				4E0A181E2A0DBA760073B861 /* Layer */,
				4E0A181C2A0DBA3A0073B861 /* Constants */,
				4E0A181B2A0DB9EE0073B861 /* Extension */,
			);
			path = Common;
			sourceTree = "<group>";
		};
		4E0A18112A0C74AB0073B861 /* Networking */ = {
			isa = PBXGroup;
			children = (
				4EAF0D452A167AB700989975 /* StatusResponse */,
				4EAF0D422A16721200989975 /* Errors */,
				4EAF0D3F2A16700500989975 /* Implementation */,
				4EAF0D3C2A166D7E00989975 /* ApiService */,
				4EAF0D4F2A169E5E00989975 /* EndPoint.swift */,
			);
			path = Networking;
			sourceTree = "<group>";
		};
		4E0A18122A0C74D20073B861 /* Resources */ = {
			isa = PBXGroup;
			children = (
				4E0A17E62A0C679C0073B861 /* Assets.xcassets */,
				4EAF0D5A2A18573700989975 /* Images.swift */,
				4EAF0D5C2A190F6200989975 /* HomeCoordinatorValues.swift */,
			);
			path = Resources;
			sourceTree = "<group>";
		};
		4E0A18132A0C74F20073B861 /* Storage */ = {
			isa = PBXGroup;
			children = (
				4EE3218F2A2EB3CB007F9A74 /* LocalDataImageService.swift */,
			);
			path = Storage;
			sourceTree = "<group>";
		};
		4E0A18142A0C75150073B861 /* HomeMenu */ = {
			isa = PBXGroup;
			children = (
				4E0A183F2A12F2D60073B861 /* Domain */,
				4E0A183E2A12F2D00073B861 /* Data */,
				4E0A183D2A12F2B40073B861 /* Presentation */,
			);
			path = HomeMenu;
			sourceTree = "<group>";
		};
		4E0A18152A0C756F0073B861 /* Characters */ = {
			isa = PBXGroup;
			children = (
				4EE321702A217E25007F9A74 /* Domain */,
				4EE321622A203F3F007F9A74 /* Data */,
				4EED25C22A1AD06200D43823 /* Presentation */,
			);
			path = Characters;
			sourceTree = "<group>";
		};
		4E0A18162A0C758C0073B861 /* CharaterDetail */ = {
			isa = PBXGroup;
			children = (
				4EE321A62A353D77007F9A74 /* Data */,
				4EE321A52A353D6E007F9A74 /* Domain */,
				4EE3219E2A34EB1E007F9A74 /* Presentation */,
			);
			path = CharaterDetail;
			sourceTree = "<group>";
		};
		4E0A18172A0C75A80073B861 /* Locations */ = {
			isa = PBXGroup;
			children = (
				4EC122A22A40F8E600A931C5 /* Data */,
				4EC122992A40F4C300A931C5 /* Domain */,
				4EC122942A40F06B00A931C5 /* Presentation */,
			);
			path = Locations;
			sourceTree = "<group>";
		};
		4E0A18182A0C75B10073B861 /* Episodes */ = {
			isa = PBXGroup;
			children = (
				4EBBFFD12A4BB8C200953632 /* Data */,
				4EBBFFD22A4BB8CA00953632 /* Domain */,
				4EBBFFCD2A4BB43E00953632 /* Presentation */,
			);
			path = Episodes;
			sourceTree = "<group>";
		};
		4E0A18192A0C75CC0073B861 /* Origin */ = {
			isa = PBXGroup;
			children = (
				4EC1228D2A40AEE700A931C5 /* Presentation */,
			);
			path = Origin;
			sourceTree = "<group>";
		};
		4E0A181A2A0C75DD0073B861 /* LocationDetail */ = {
			isa = PBXGroup;
			children = (
				4EC122A12A40F8DB00A931C5 /* Data */,
				4EC1229D2A40F77700A931C5 /* Domain */,
				4EC1228A2A40AB4D00A931C5 /* Presentation */,
			);
			path = LocationDetail;
			sourceTree = "<group>";
		};
		4E0A181B2A0DB9EE0073B861 /* Extension */ = {
			isa = PBXGroup;
			children = (
				4E0A18392A1155270073B861 /* UIView+Constraints.swift */,
				4EE3215A2A2035A8007F9A74 /* String+empty.swift */,
				4EE321872A28FB9E007F9A74 /* UITableViewController+SpinnerLast.swift */,
				4EE3219C2A3012FA007F9A74 /* UIIMageView+Utils.swift */,
			);
			path = Extension;
			sourceTree = "<group>";
		};
		4E0A181C2A0DBA3A0073B861 /* Constants */ = {
			isa = PBXGroup;
			children = (
				4EAF0D542A16C88B00989975 /* ViewValues.swift */,
			);
			path = Constants;
			sourceTree = "<group>";
		};
		4E0A181D2A0DBA5C0073B861 /* Components */ = {
			isa = PBXGroup;
			children = (
				4E0A18232A0DBB300073B861 /* StateController */,
			);
			path = Components;
			sourceTree = "<group>";
		};
		4E0A181E2A0DBA760073B861 /* Layer */ = {
			isa = PBXGroup;
			children = (
				4E0A18212A0DBAD00073B861 /* Presentation */,
				4E0A18202A0DBAB40073B861 /* Domain */,
				4E0A181F2A0DBA8F0073B861 /* Data */,
			);
			path = Layer;
			sourceTree = "<group>";
		};
		4E0A181F2A0DBA8F0073B861 /* Data */ = {
			isa = PBXGroup;
			children = (
				4EE321942A2EBD5A007F9A74 /* RepositoriesImplementation */,
				4EE321682A217AB0007F9A74 /* DTO */,
			);
			path = Data;
			sourceTree = "<group>";
		};
		4E0A18202A0DBAB40073B861 /* Domain */ = {
			isa = PBXGroup;
			children = (
				4EE321972A2FFB22007F9A74 /* UseCase */,
				4EE321912A2EBC75007F9A74 /* InterFacesRepository */,
				4EE321552A203249007F9A74 /* Entities */,
			);
			path = Domain;
			sourceTree = "<group>";
		};
		4E0A18212A0DBAD00073B861 /* Presentation */ = {
			isa = PBXGroup;
			children = (
				4EE321842A281EC0007F9A74 /* ViewModel */,
				4E0A181D2A0DBA5C0073B861 /* Components */,
			);
			path = Presentation;
			sourceTree = "<group>";
		};
		4E0A18222A0DBB120073B861 /* Utils */ = {
			isa = PBXGroup;
			children = (
				4E0A183B2A11A6D40073B861 /* Reusable.swift */,
				4EAF0D4D2A16957F00989975 /* PropertyItarator.swift */,
			);
			path = Utils;
			sourceTree = "<group>";
		};
		4E0A18232A0DBB300073B861 /* StateController */ = {
			isa = PBXGroup;
			children = (
				4E0A18502A12F69E0073B861 /* StateController.swift */,
			);
			path = StateController;
			sourceTree = "<group>";
		};
		4E0A18242A0DBB500073B861 /* Localize */ = {
			isa = PBXGroup;
			children = (
				4EAF0D582A18538E00989975 /* AppLocalized.swift */,
			);
			path = Localize;
			sourceTree = "<group>";
		};
		4E0A18252A0DBB9C0073B861 /* Coordinator */ = {
			isa = PBXGroup;
			children = (
				4E0A182E2A0DBF660073B861 /* AppCoordinator */,
				4E0A18272A0DBBC20073B861 /* CoordinatorScreens */,
				4E0A18262A0DBBB80073B861 /* Utils */,
			);
			path = Coordinator;
			sourceTree = "<group>";
		};
		4E0A18262A0DBBB80073B861 /* Utils */ = {
			isa = PBXGroup;
			children = (
			);
			path = Utils;
			sourceTree = "<group>";
		};
		4E0A18272A0DBBC20073B861 /* CoordinatorScreens */ = {
			isa = PBXGroup;
			children = (
				4E0A18332A1143A70073B861 /* HomeCoordinator.swift */,
				4EED25C52A1AD30300D43823 /* CharacterCoordinator.swift */,
				4EE321A12A34EC45007F9A74 /* CharacterDetailCoordinator.swift */,
				4EC122822A40993500A931C5 /* OriginCoordinator.swift */,
				4EC122882A40A5B100A931C5 /* LocationDetailCoordinator.swift */,
				4EC122922A40C5B800A931C5 /* LocationsCoordinator.swift */,
				4EBBFFCB2A4BAF7700953632 /* EpisodesCoordinator.swift */,
			);
			path = CoordinatorScreens;
			sourceTree = "<group>";
		};
		4E0A18282A0DBC000073B861 /* Factories */ = {
			isa = PBXGroup;
			children = (
				4E0A18312A0DC0980073B861 /* AppFactory.swift */,
				4E0A18352A1144130073B861 /* HomeFactory.swift */,
				4EED25C02A1AC68C00D43823 /* CharacterFactory.swift */,
				4EE321A32A34ECC6007F9A74 /* CharacterDetailFactory.swift */,
				4EC122842A4099FF00A931C5 /* OriginFactory.swift */,
				4EC122862A40A4F700A931C5 /* LocationDetailFactory.swift */,
				4EC122902A40C4D800A931C5 /* LocationsFactory.swift */,
				4EBBFFC92A4BABF600953632 /* EpisodesFactory.swift */,
			);
			path = Factories;
			sourceTree = "<group>";
		};
		4E0A18292A0DBC1C0073B861 /* DIContainer */ = {
			isa = PBXGroup;
			children = (
				4EE3219A2A2FFEE6007F9A74 /* AppContainer.swift */,
			);
			path = DIContainer;
			sourceTree = "<group>";
		};
		4E0A182A2A0DBC7D0073B861 /* LaunchScreen */ = {
			isa = PBXGroup;
			children = (
				4E0A17E82A0C679C0073B861 /* LaunchScreen.storyboard */,
			);
			path = LaunchScreen;
			sourceTree = "<group>";
		};
		4E0A182B2A0DBD8A0073B861 /* System */ = {
			isa = PBXGroup;
			children = (
				4E0A17DF2A0C679A0073B861 /* SceneDelegate.swift */,
				4E0A17DD2A0C679A0073B861 /* AppDelegate.swift */,
			);
			path = System;
			sourceTree = "<group>";
		};
		4E0A182E2A0DBF660073B861 /* AppCoordinator */ = {
			isa = PBXGroup;
			children = (
				4E0A182C2A0DBEDA0073B861 /* Coordinator.swift */,
				4E0A182F2A0DBF9C0073B861 /* AppCoordinator.swift */,
			);
			path = AppCoordinator;
			sourceTree = "<group>";
		};
		4E0A183D2A12F2B40073B861 /* Presentation */ = {
			isa = PBXGroup;
			children = (
				4E0A184D2A12F5CE0073B861 /* Cell */,
				4E0A184C2A12F5BD0073B861 /* Controller */,
			);
			path = Presentation;
			sourceTree = "<group>";
		};
		4E0A183E2A12F2D00073B861 /* Data */ = {
			isa = PBXGroup;
			children = (
				4EAF0D482A16912500989975 /* DTO */,
				4E0A18462A12F4050073B861 /* Repositories */,
			);
			path = Data;
			sourceTree = "<group>";
		};
		4E0A183F2A12F2D60073B861 /* Domain */ = {
			isa = PBXGroup;
			children = (
				4E0A18492A12F4820073B861 /* UseCase */,
				4E0A18432A12F3880073B861 /* Entities */,
				4E0A18402A12F3060073B861 /* InterfacesRepositories */,
			);
			path = Domain;
			sourceTree = "<group>";
		};
		4E0A18402A12F3060073B861 /* InterfacesRepositories */ = {
			isa = PBXGroup;
			children = (
				4E0A18412A12F3330073B861 /* MenuRepository.swift */,
			);
			path = InterfacesRepositories;
			sourceTree = "<group>";
		};
		4E0A18432A12F3880073B861 /* Entities */ = {
			isa = PBXGroup;
			children = (
				4E0A18442A12F39F0073B861 /* MenuItem.swift */,
			);
			path = Entities;
			sourceTree = "<group>";
		};
		4E0A18462A12F4050073B861 /* Repositories */ = {
			isa = PBXGroup;
			children = (
				4E0A18472A12F4260073B861 /* MenuRepositoryImp.swift */,
			);
			path = Repositories;
			sourceTree = "<group>";
		};
		4E0A18492A12F4820073B861 /* UseCase */ = {
			isa = PBXGroup;
			children = (
				4E0A184A2A12F49E0073B861 /* LoadMenuUseCase.swift */,
			);
			path = UseCase;
			sourceTree = "<group>";
		};
		4E0A184C2A12F5BD0073B861 /* Controller */ = {
			isa = PBXGroup;
			children = (
				4E0A17E12A0C679A0073B861 /* HomeMenuController.swift */,
				4E0A184E2A12F60A0073B861 /* HomeMenuViewModel.swift */,
			);
			path = Controller;
			sourceTree = "<group>";
		};
		4E0A184D2A12F5CE0073B861 /* Cell */ = {
			isa = PBXGroup;
			children = (
				4E0A18372A11532F0073B861 /* ItemHomeMenuCell.swift */,
				4E0A18522A12F7840073B861 /* itemHomeMenuViewModel.swift */,
			);
			path = Cell;
			sourceTree = "<group>";
		};
		4EAF0D3C2A166D7E00989975 /* ApiService */ = {
			isa = PBXGroup;
			children = (
				4EAF0D3D2A166DCA00989975 /* ApiClientService.swift */,
				4EE3218B2A2EAF79007F9A74 /* RemoteImageDataService.swift */,
			);
			path = ApiService;
			sourceTree = "<group>";
		};
		4EAF0D3F2A16700500989975 /* Implementation */ = {
			isa = PBXGroup;
			children = (
				4EAF0D402A16703600989975 /* ApiClientServiceImp.swift */,
				4EE3218D2A2EB05C007F9A74 /* ApiClientServiceImp+RemoteImageDataService.swift */,
			);
			path = Implementation;
			sourceTree = "<group>";
		};
		4EAF0D422A16721200989975 /* Errors */ = {
			isa = PBXGroup;
			children = (
				4EAF0D432A1672F000989975 /* ApiError.swift */,
			);
			path = Errors;
			sourceTree = "<group>";
		};
		4EAF0D452A167AB700989975 /* StatusResponse */ = {
			isa = PBXGroup;
			children = (
				4EAF0D462A167E5F00989975 /* HttpResponseStatus.swift */,
			);
			path = StatusResponse;
			sourceTree = "<group>";
		};
		4EAF0D482A16912500989975 /* DTO */ = {
			isa = PBXGroup;
			children = (
				4EAF0D492A16917500989975 /* MenuDTO.swift */,
				4EAF0D4B2A16948500989975 /* MenuDTO+Mapper.swift */,
			);
			path = DTO;
			sourceTree = "<group>";
		};
		4EAF0D512A16C6E300989975 /* Components */ = {
			isa = PBXGroup;
			children = (
				4EAF0D522A16C71300989975 /* SpinnerDisplayable.swift */,
				4EAF0D562A16F97D00989975 /* MessageDisplayable.swift */,
				4EBBFFEB2A4DC61F00953632 /* CustomPaddingLabel.swift */,
			);
			path = Components;
			sourceTree = "<group>";
		};
		4EBBFFCD2A4BB43E00953632 /* Presentation */ = {
			isa = PBXGroup;
			children = (
				4EBBFFE62A4DA00600953632 /* ViewModel */,
				4EBBFFCE2A4BB45700953632 /* View */,
			);
			path = Presentation;
			sourceTree = "<group>";
		};
		4EBBFFCE2A4BB45700953632 /* View */ = {
			isa = PBXGroup;
			children = (
				4EBBFFCF2A4BB47400953632 /* EpisodesViewController.swift */,
				4EBBFFE92A4DA1FA00953632 /* ItemEpisodeTableViewCell.swift */,
			);
			path = View;
			sourceTree = "<group>";
		};
		4EBBFFD12A4BB8C200953632 /* Data */ = {
			isa = PBXGroup;
			children = (
				4EBBFFD62A4BB97200953632 /* RepositoriesImplementation */,
				4EBBFFD52A4BB96A00953632 /* DTO */,
			);
			path = Data;
			sourceTree = "<group>";
		};
		4EBBFFD22A4BB8CA00953632 /* Domain */ = {
			isa = PBXGroup;
			children = (
				4EBBFFD72A4BBA0600953632 /* Entity */,
				4EBBFFD42A4BB96200953632 /* UseCases */,
				4EBBFFD32A4BB94400953632 /* RepositoreiesInterfaces */,
			);
			path = Domain;
			sourceTree = "<group>";
		};
		4EBBFFD32A4BB94400953632 /* RepositoreiesInterfaces */ = {
			isa = PBXGroup;
			children = (
				4EBBFFE02A4BBF0C00953632 /* EpisodesRepository.swift */,
			);
			path = RepositoreiesInterfaces;
			sourceTree = "<group>";
		};
		4EBBFFD42A4BB96200953632 /* UseCases */ = {
			isa = PBXGroup;
			children = (
				4EBBFFE42A4BC2A100953632 /* LoadEpisodesUseCase.swift */,
			);
			path = UseCases;
			sourceTree = "<group>";
		};
		4EBBFFD52A4BB96A00953632 /* DTO */ = {
			isa = PBXGroup;
			children = (
				4EBBFFDA2A4BBAE100953632 /* EpisodeDTO.swift */,
				4EBBFFDC2A4BBB9D00953632 /* ResultEpisodeDTO.swift */,
				4EBBFFDE2A4BBCC700953632 /* ResultEpisodeDTO+Mapper.swift */,
			);
			path = DTO;
			sourceTree = "<group>";
		};
		4EBBFFD62A4BB97200953632 /* RepositoriesImplementation */ = {
			isa = PBXGroup;
			children = (
				4EBBFFE22A4BC01000953632 /* EpisodesRepositoryImp.swift */,
			);
			path = RepositoriesImplementation;
			sourceTree = "<group>";
		};
		4EBBFFD72A4BBA0600953632 /* Entity */ = {
			isa = PBXGroup;
			children = (
				4EBBFFD82A4BBA1A00953632 /* Episode.swift */,
			);
			path = Entity;
			sourceTree = "<group>";
		};
		4EBBFFE62A4DA00600953632 /* ViewModel */ = {
			isa = PBXGroup;
			children = (
				4EBBFFE72A4DA05400953632 /* ItemEpisodeViewModel.swift */,
			);
			path = ViewModel;
			sourceTree = "<group>";
		};
		4EC1228A2A40AB4D00A931C5 /* Presentation */ = {
			isa = PBXGroup;
			children = (
				4EC122982A40F4B100A931C5 /* View */,
				4EC122BB2A4126B500A931C5 /* ViewModel */,
			);
			path = Presentation;
			sourceTree = "<group>";
		};
		4EC1228D2A40AEE700A931C5 /* Presentation */ = {
			isa = PBXGroup;
			children = (
				4EC1228E2A40AF0400A931C5 /* OriginViewController.swift */,
			);
			path = Presentation;
			sourceTree = "<group>";
		};
		4EC122942A40F06B00A931C5 /* Presentation */ = {
			isa = PBXGroup;
			children = (
				4EC122952A40F08200A931C5 /* Views */,
				4EC122B42A41191D00A931C5 /* ViewModel */,
			);
			path = Presentation;
			sourceTree = "<group>";
		};
		4EC122952A40F08200A931C5 /* Views */ = {
			isa = PBXGroup;
			children = (
				4EC122962A40F0B500A931C5 /* LocationsViewController.swift */,
				4EC122B72A411BFF00A931C5 /* ItemLocationTableViewCell.swift */,
			);
			path = Views;
			sourceTree = "<group>";
		};
		4EC122982A40F4B100A931C5 /* View */ = {
			isa = PBXGroup;
			children = (
				4EC1228B2A40AB8600A931C5 /* LocationDetailViewController.swift */,
			);
			path = View;
			sourceTree = "<group>";
		};
		4EC122992A40F4C300A931C5 /* Domain */ = {
			isa = PBXGroup;
			children = (
				4EC122AB2A41060200A931C5 /* UseCases */,
				4EC1229A2A40F51100A931C5 /* RepositoriesInterfaces */,
			);
			path = Domain;
			sourceTree = "<group>";
		};
		4EC1229A2A40F51100A931C5 /* RepositoriesInterfaces */ = {
			isa = PBXGroup;
			children = (
				4EC1229B2A40F57600A931C5 /* LocationsRepository.swift */,
			);
			path = RepositoriesInterfaces;
			sourceTree = "<group>";
		};
		4EC1229D2A40F77700A931C5 /* Domain */ = {
			isa = PBXGroup;
			children = (
				4EC122BE2A4137A900A931C5 /* UseCases */,
				4EC1229E2A40F78400A931C5 /* RepositoriesInterfaces */,
			);
			path = Domain;
			sourceTree = "<group>";
		};
		4EC1229E2A40F78400A931C5 /* RepositoriesInterfaces */ = {
			isa = PBXGroup;
			children = (
				4EC1229F2A40F7B100A931C5 /* LocationDetailRepository.swift */,
			);
			path = RepositoriesInterfaces;
			sourceTree = "<group>";
		};
		4EC122A12A40F8DB00A931C5 /* Data */ = {
			isa = PBXGroup;
			children = (
				4EC122AE2A41145600A931C5 /* DTO */,
				4EC122AF2A41146700A931C5 /* RepositoriesImplementation */,
			);
			path = Data;
			sourceTree = "<group>";
		};
		4EC122A22A40F8E600A931C5 /* Data */ = {
			isa = PBXGroup;
			children = (
				4EC122A62A40FC3400A931C5 /* DTO */,
				4EC122A32A40F92600A931C5 /* RepositoriesImplementation */,
			);
			path = Data;
			sourceTree = "<group>";
		};
		4EC122A32A40F92600A931C5 /* RepositoriesImplementation */ = {
			isa = PBXGroup;
			children = (
				4EC122A42A40F99900A931C5 /* LocationsRepositoryImp.swift */,
			);
			path = RepositoriesImplementation;
			sourceTree = "<group>";
		};
		4EC122A62A40FC3400A931C5 /* DTO */ = {
			isa = PBXGroup;
			children = (
				4EC122A72A40FC9E00A931C5 /* ResultLocationDTO.swift */,
				4EC122A92A40FD7100A931C5 /* ResultLocationDTO+Mapper.swift */,
			);
			path = DTO;
			sourceTree = "<group>";
		};
		4EC122AB2A41060200A931C5 /* UseCases */ = {
			isa = PBXGroup;
			children = (
				4EC122AC2A4108AE00A931C5 /* LoadLocationsUseCase.swift */,
			);
			path = UseCases;
			sourceTree = "<group>";
		};
		4EC122AE2A41145600A931C5 /* DTO */ = {
			isa = PBXGroup;
			children = (
				4EC122B22A4116BC00A931C5 /* LocationDTO+Mapper.swift */,
			);
			path = DTO;
			sourceTree = "<group>";
		};
		4EC122AF2A41146700A931C5 /* RepositoriesImplementation */ = {
			isa = PBXGroup;
			children = (
				4EC122B02A41150B00A931C5 /* LocationDetailRepositoryImp.swift */,
			);
			path = RepositoriesImplementation;
			sourceTree = "<group>";
		};
		4EC122B42A41191D00A931C5 /* ViewModel */ = {
			isa = PBXGroup;
			children = (
				4EC122B52A41195C00A931C5 /* ItemLocationViewModel.swift */,
				4EC122B92A4121BF00A931C5 /* LocationViewModel.swift */,
			);
			path = ViewModel;
			sourceTree = "<group>";
		};
		4EC122BB2A4126B500A931C5 /* ViewModel */ = {
			isa = PBXGroup;
			children = (
				4EC122BC2A41274000A931C5 /* LocationDetailViewModel.swift */,
			);
			path = ViewModel;
			sourceTree = "<group>";
		};
		4EC122BE2A4137A900A931C5 /* UseCases */ = {
			isa = PBXGroup;
			children = (
				4EC122BF2A41384600A931C5 /* LoadLocationDetailUseCase.swift */,
			);
			path = UseCases;
			sourceTree = "<group>";
		};
		4EE321522A1EDA0D007F9A74 /* Cell */ = {
			isa = PBXGroup;
			children = (
				4EE321532A1EDA5C007F9A74 /* ItemCharacterTableViewCell.swift */,
			);
			path = Cell;
			sourceTree = "<group>";
		};
		4EE321552A203249007F9A74 /* Entities */ = {
			isa = PBXGroup;
			children = (
				4EE321562A203343007F9A74 /* Character.swift */,
				4EE321582A2033D9007F9A74 /* StatusCharacter.swift */,
				4EE3215C2A20388C007F9A74 /* Specie.swift */,
				4EE3215E2A203E60007F9A74 /* Origin.swift */,
				4EE321602A203EBD007F9A74 /* Location.swift */,
				4EE321742A218014007F9A74 /* Info.swift */,
			);
			path = Entities;
			sourceTree = "<group>";
		};
		4EE321622A203F3F007F9A74 /* Data */ = {
			isa = PBXGroup;
			children = (
				4EE321762A2180FD007F9A74 /* Repositories */,
				4EE321632A203F59007F9A74 /* DTO */,
			);
			path = Data;
			sourceTree = "<group>";
		};
		4EE321632A203F59007F9A74 /* DTO */ = {
			isa = PBXGroup;
			children = (
				4EE321642A203F85007F9A74 /* ResultCharacterDTO.swift */,
				4EE321792A2184BE007F9A74 /* ResultCharacterDTO+Mapper.swift */,
			);
			path = DTO;
			sourceTree = "<group>";
		};
		4EE321682A217AB0007F9A74 /* DTO */ = {
			isa = PBXGroup;
			children = (
				4EE321692A217AC8007F9A74 /* OriginDTO.swift */,
				4EE3216B2A217BF1007F9A74 /* LocationDTO.swift */,
				4EE3216D2A217C4E007F9A74 /* InfoDTO.swift */,
				4EE321662A2179C4007F9A74 /* CharacterDTO.swift */,
			);
			path = DTO;
			sourceTree = "<group>";
		};
		4EE321702A217E25007F9A74 /* Domain */ = {
			isa = PBXGroup;
			children = (
				4EE3217B2A28157A007F9A74 /* UseCases */,
				4EE321712A217E68007F9A74 /* RepositoriesInterfaces */,
			);
			path = Domain;
			sourceTree = "<group>";
		};
		4EE321712A217E68007F9A74 /* RepositoriesInterfaces */ = {
			isa = PBXGroup;
			children = (
				4EE321722A217EA8007F9A74 /* CharacterRepository.swift */,
			);
			path = RepositoriesInterfaces;
			sourceTree = "<group>";
		};
		4EE321762A2180FD007F9A74 /* Repositories */ = {
			isa = PBXGroup;
			children = (
				4EE321772A21817D007F9A74 /* CharacterRepositoryImp.swift */,
			);
			path = Repositories;
			sourceTree = "<group>";
		};
		4EE3217B2A28157A007F9A74 /* UseCases */ = {
			isa = PBXGroup;
			children = (
				4EE3217C2A2815C7007F9A74 /* LoadCharactersUseCase.swift */,
				4EE321892A2CF013007F9A74 /* LastPageValidationUseCase.swift */,
			);
			path = UseCases;
			sourceTree = "<group>";
		};
		4EE3217E2A281B37007F9A74 /* View */ = {
			isa = PBXGroup;
			children = (
				4EED25C32A1AD09900D43823 /* CharacterViewController.swift */,
				4EE321522A1EDA0D007F9A74 /* Cell */,
			);
			path = View;
			sourceTree = "<group>";
		};
		4EE3217F2A281B49007F9A74 /* ViewModel */ = {
			isa = PBXGroup;
			children = (
				4EE321802A281BA9007F9A74 /* CharacterViewModel.swift */,
				4EE321822A281CDC007F9A74 /* ItemCharacterViewModel.swift */,
			);
			path = ViewModel;
			sourceTree = "<group>";
		};
		4EE321842A281EC0007F9A74 /* ViewModel */ = {
			isa = PBXGroup;
			children = (
				4EE321852A281EEE007F9A74 /* BaseViewModel.swift */,
			);
			path = ViewModel;
			sourceTree = "<group>";
		};
		4EE321912A2EBC75007F9A74 /* InterFacesRepository */ = {
			isa = PBXGroup;
			children = (
				4EE321922A2EBCA3007F9A74 /* ImageDataRepository.swift */,
			);
			path = InterFacesRepository;
			sourceTree = "<group>";
		};
		4EE321942A2EBD5A007F9A74 /* RepositoriesImplementation */ = {
			isa = PBXGroup;
			children = (
				4EE321952A2EBD99007F9A74 /* ImageDataRepositoryImp.swift */,
			);
			path = RepositoriesImplementation;
			sourceTree = "<group>";
		};
		4EE321972A2FFB22007F9A74 /* UseCase */ = {
			isa = PBXGroup;
			children = (
				4EE321982A2FFB48007F9A74 /* ImageDataUseCase.swift */,
			);
			path = UseCase;
			sourceTree = "<group>";
		};
		4EE3219E2A34EB1E007F9A74 /* Presentation */ = {
			isa = PBXGroup;
			children = (
				4EE321B42A3635CD007F9A74 /* View */,
				4EE321B32A3635C1007F9A74 /* ViewModel */,
			);
			path = Presentation;
			sourceTree = "<group>";
		};
		4EE321A52A353D6E007F9A74 /* Domain */ = {
			isa = PBXGroup;
			children = (
				4EE321B02A362FBD007F9A74 /* UseCases */,
				4EE321A72A353D87007F9A74 /* RepositoriesInterface */,
			);
			path = Domain;
			sourceTree = "<group>";
		};
		4EE321A62A353D77007F9A74 /* Data */ = {
			isa = PBXGroup;
			children = (
				4EE321AD2A3540F4007F9A74 /* DTO */,
				4EE321AA2A353ED5007F9A74 /* RepositoriesImplementation */,
			);
			path = Data;
			sourceTree = "<group>";
		};
		4EE321A72A353D87007F9A74 /* RepositoriesInterface */ = {
			isa = PBXGroup;
			children = (
				4EE321A82A353DF5007F9A74 /* CharacterDetailRepository.swift */,
			);
			path = RepositoriesInterface;
			sourceTree = "<group>";
		};
		4EE321AA2A353ED5007F9A74 /* RepositoriesImplementation */ = {
			isa = PBXGroup;
			children = (
				4EE321AB2A353F20007F9A74 /* CharacterDetailRepositoryImp.swift */,
			);
			path = RepositoriesImplementation;
			sourceTree = "<group>";
		};
		4EE321AD2A3540F4007F9A74 /* DTO */ = {
			isa = PBXGroup;
			children = (
				4EE321AE2A354119007F9A74 /* CharacterDTO+Mapper.swift */,
			);
			path = DTO;
			sourceTree = "<group>";
		};
		4EE321B02A362FBD007F9A74 /* UseCases */ = {
			isa = PBXGroup;
			children = (
				4EE321B12A362FF5007F9A74 /* LoadCharacterDetailUseCase.swift */,
			);
			path = UseCases;
			sourceTree = "<group>";
		};
		4EE321B32A3635C1007F9A74 /* ViewModel */ = {
			isa = PBXGroup;
			children = (
				4EE321B52A363645007F9A74 /* CharacterDetailViewModel.swift */,
			);
			path = ViewModel;
			sourceTree = "<group>";
		};
		4EE321B42A3635CD007F9A74 /* View */ = {
			isa = PBXGroup;
			children = (
				4EE3219F2A34EB60007F9A74 /* CharacterDetailViewController.swift */,
			);
			path = View;
			sourceTree = "<group>";
		};
		4EED25C22A1AD06200D43823 /* Presentation */ = {
			isa = PBXGroup;
			children = (
				4EE3217F2A281B49007F9A74 /* ViewModel */,
				4EE3217E2A281B37007F9A74 /* View */,
			);
			path = Presentation;
			sourceTree = "<group>";
		};
/* End PBXGroup section */

/* Begin PBXNativeTarget section */
		4E0A17D92A0C679A0073B861 /* RickAndMorty */ = {
			isa = PBXNativeTarget;
			buildConfigurationList = 4E0A18042A0C679D0073B861 /* Build configuration list for PBXNativeTarget "RickAndMorty" */;
			buildPhases = (
				4E0A17D62A0C679A0073B861 /* Sources */,
				4E0A17D72A0C679A0073B861 /* Frameworks */,
				4E0A17D82A0C679A0073B861 /* Resources */,
			);
			buildRules = (
			);
			dependencies = (
			);
			name = RickAndMorty;
			productName = RickAndMorty;
			productReference = 4E0A17DA2A0C679A0073B861 /* RickAndMorty.app */;
			productType = "com.apple.product-type.application";
		};
		4E0A17EF2A0C679D0073B861 /* RickAndMortyTests */ = {
			isa = PBXNativeTarget;
			buildConfigurationList = 4E0A18072A0C679D0073B861 /* Build configuration list for PBXNativeTarget "RickAndMortyTests" */;
			buildPhases = (
				4E0A17EC2A0C679D0073B861 /* Sources */,
				4E0A17ED2A0C679D0073B861 /* Frameworks */,
				4E0A17EE2A0C679D0073B861 /* Resources */,
			);
			buildRules = (
			);
			dependencies = (
				4E0A17F22A0C679D0073B861 /* PBXTargetDependency */,
			);
			name = RickAndMortyTests;
			productName = RickAndMortyTests;
			productReference = 4E0A17F02A0C679D0073B861 /* RickAndMortyTests.xctest */;
			productType = "com.apple.product-type.bundle.unit-test";
		};
		4E0A17F92A0C679D0073B861 /* RickAndMortyUITests */ = {
			isa = PBXNativeTarget;
			buildConfigurationList = 4E0A180A2A0C679D0073B861 /* Build configuration list for PBXNativeTarget "RickAndMortyUITests" */;
			buildPhases = (
				4E0A17F62A0C679D0073B861 /* Sources */,
				4E0A17F72A0C679D0073B861 /* Frameworks */,
				4E0A17F82A0C679D0073B861 /* Resources */,
			);
			buildRules = (
			);
			dependencies = (
				4E0A17FC2A0C679D0073B861 /* PBXTargetDependency */,
			);
			name = RickAndMortyUITests;
			productName = RickAndMortyUITests;
			productReference = 4E0A17FA2A0C679D0073B861 /* RickAndMortyUITests.xctest */;
			productType = "com.apple.product-type.bundle.ui-testing";
		};
/* End PBXNativeTarget section */

/* Begin PBXProject section */
		4E0A17D22A0C679A0073B861 /* Project object */ = {
			isa = PBXProject;
			attributes = {
				BuildIndependentTargetsInParallel = 1;
				LastSwiftUpdateCheck = 1430;
				LastUpgradeCheck = 1430;
				TargetAttributes = {
					4E0A17D92A0C679A0073B861 = {
						CreatedOnToolsVersion = 14.3;
					};
					4E0A17EF2A0C679D0073B861 = {
						CreatedOnToolsVersion = 14.3;
						TestTargetID = 4E0A17D92A0C679A0073B861;
					};
					4E0A17F92A0C679D0073B861 = {
						CreatedOnToolsVersion = 14.3;
						TestTargetID = 4E0A17D92A0C679A0073B861;
					};
				};
			};
			buildConfigurationList = 4E0A17D52A0C679A0073B861 /* Build configuration list for PBXProject "RickAndMorty" */;
			compatibilityVersion = "Xcode 14.0";
			developmentRegion = en;
			hasScannedForEncodings = 0;
			knownRegions = (
				en,
				Base,
			);
			mainGroup = 4E0A17D12A0C679A0073B861;
			productRefGroup = 4E0A17DB2A0C679A0073B861 /* Products */;
			projectDirPath = "";
			projectRoot = "";
			targets = (
				4E0A17D92A0C679A0073B861 /* RickAndMorty */,
				4E0A17EF2A0C679D0073B861 /* RickAndMortyTests */,
				4E0A17F92A0C679D0073B861 /* RickAndMortyUITests */,
			);
		};
/* End PBXProject section */

/* Begin PBXResourcesBuildPhase section */
		4E0A17D82A0C679A0073B861 /* Resources */ = {
			isa = PBXResourcesBuildPhase;
			buildActionMask = 2147483647;
			files = (
				4E0A17EA2A0C679C0073B861 /* LaunchScreen.storyboard in Resources */,
				4E0A17E72A0C679C0073B861 /* Assets.xcassets in Resources */,
			);
			runOnlyForDeploymentPostprocessing = 0;
		};
		4E0A17EE2A0C679D0073B861 /* Resources */ = {
			isa = PBXResourcesBuildPhase;
			buildActionMask = 2147483647;
			files = (
			);
			runOnlyForDeploymentPostprocessing = 0;
		};
		4E0A17F82A0C679D0073B861 /* Resources */ = {
			isa = PBXResourcesBuildPhase;
			buildActionMask = 2147483647;
			files = (
			);
			runOnlyForDeploymentPostprocessing = 0;
		};
/* End PBXResourcesBuildPhase section */

/* Begin PBXSourcesBuildPhase section */
		4E0A17D62A0C679A0073B861 /* Sources */ = {
			isa = PBXSourcesBuildPhase;
			buildActionMask = 2147483647;
			files = (
				4EE3215D2A20388C007F9A74 /* Specie.swift in Sources */,
				4EE3218C2A2EAF79007F9A74 /* RemoteImageDataService.swift in Sources */,
				4EE321962A2EBD9A007F9A74 /* ImageDataRepositoryImp.swift in Sources */,
				4EE321862A281EEE007F9A74 /* BaseViewModel.swift in Sources */,
				4EE3215F2A203E60007F9A74 /* Origin.swift in Sources */,
				4EAF0D502A169E5E00989975 /* EndPoint.swift in Sources */,
				4E0A18322A0DC0980073B861 /* AppFactory.swift in Sources */,
				4EBBFFDB2A4BBAE100953632 /* EpisodeDTO.swift in Sources */,
				4EC122C02A41384600A931C5 /* LoadLocationDetailUseCase.swift in Sources */,
				4EBBFFE82A4DA05400953632 /* ItemEpisodeViewModel.swift in Sources */,
				4E0A183C2A11A6D40073B861 /* Reusable.swift in Sources */,
				4EE321B22A362FF5007F9A74 /* LoadCharacterDetailUseCase.swift in Sources */,
				4E0A184B2A12F49E0073B861 /* LoadMenuUseCase.swift in Sources */,
				4E0A182D2A0DBEDA0073B861 /* Coordinator.swift in Sources */,
				4EBBFFDD2A4BBB9D00953632 /* ResultEpisodeDTO.swift in Sources */,
				4EBBFFE12A4BBF0C00953632 /* EpisodesRepository.swift in Sources */,
				4EC1229C2A40F57600A931C5 /* LocationsRepository.swift in Sources */,
				4EBBFFEC2A4DC61F00953632 /* CustomPaddingLabel.swift in Sources */,
				4EAF0D412A16703600989975 /* ApiClientServiceImp.swift in Sources */,
				4EED25C42A1AD09900D43823 /* CharacterViewController.swift in Sources */,
				4E0A17E22A0C679A0073B861 /* HomeMenuController.swift in Sources */,
				4EBBFFD92A4BBA1A00953632 /* Episode.swift in Sources */,
				4E0A18422A12F3330073B861 /* MenuRepository.swift in Sources */,
				4EE321A92A353DF5007F9A74 /* CharacterDetailRepository.swift in Sources */,
				4E0A183A2A1155270073B861 /* UIView+Constraints.swift in Sources */,
				4EC122912A40C4D800A931C5 /* LocationsFactory.swift in Sources */,
				4EE3216C2A217BF1007F9A74 /* LocationDTO.swift in Sources */,
				4EE3218A2A2CF013007F9A74 /* LastPageValidationUseCase.swift in Sources */,
				4EE3219D2A3012FA007F9A74 /* UIIMageView+Utils.swift in Sources */,
				4EE321542A1EDA5C007F9A74 /* ItemCharacterTableViewCell.swift in Sources */,
				4EE321812A281BA9007F9A74 /* CharacterViewModel.swift in Sources */,
				4EE321992A2FFB48007F9A74 /* ImageDataUseCase.swift in Sources */,
				4EE321672A2179C4007F9A74 /* CharacterDTO.swift in Sources */,
				4EC122832A40993500A931C5 /* OriginCoordinator.swift in Sources */,
				4EBBFFE32A4BC01000953632 /* EpisodesRepositoryImp.swift in Sources */,
				4EAF0D532A16C71300989975 /* SpinnerDisplayable.swift in Sources */,
				4EE321652A203F85007F9A74 /* ResultCharacterDTO.swift in Sources */,
				4EE321732A217EA8007F9A74 /* CharacterRepository.swift in Sources */,
				4E0A18512A12F69E0073B861 /* StateController.swift in Sources */,
				4EED25C62A1AD30300D43823 /* CharacterCoordinator.swift in Sources */,
				4E0A18452A12F39F0073B861 /* MenuItem.swift in Sources */,
				4EAF0D4E2A16957F00989975 /* PropertyItarator.swift in Sources */,
				4EC122892A40A5B100A931C5 /* LocationDetailCoordinator.swift in Sources */,
				4EC122B32A4116BC00A931C5 /* LocationDTO+Mapper.swift in Sources */,
				4E0A18532A12F7840073B861 /* itemHomeMenuViewModel.swift in Sources */,
				4EE321AF2A354119007F9A74 /* CharacterDTO+Mapper.swift in Sources */,
				4EE321AC2A353F20007F9A74 /* CharacterDetailRepositoryImp.swift in Sources */,
				4EE321592A2033D9007F9A74 /* StatusCharacter.swift in Sources */,
				4EC122BA2A4121BF00A931C5 /* LocationViewModel.swift in Sources */,
				4EAF0D552A16C88C00989975 /* ViewValues.swift in Sources */,
				4E0A18302A0DBF9C0073B861 /* AppCoordinator.swift in Sources */,
				4EBBFFD02A4BB47400953632 /* EpisodesViewController.swift in Sources */,
				4EE321832A281CDC007F9A74 /* ItemCharacterViewModel.swift in Sources */,
				4E0A17DE2A0C679A0073B861 /* AppDelegate.swift in Sources */,
				4EC122A52A40F99900A931C5 /* LocationsRepositoryImp.swift in Sources */,
				4EC122B82A411BFF00A931C5 /* ItemLocationTableViewCell.swift in Sources */,
				4E0A18362A1144130073B861 /* HomeFactory.swift in Sources */,
				4EE3218E2A2EB05C007F9A74 /* ApiClientServiceImp+RemoteImageDataService.swift in Sources */,
				4EAF0D442A1672F000989975 /* ApiError.swift in Sources */,
				4EE321902A2EB3CB007F9A74 /* LocalDataImageService.swift in Sources */,
				4EAF0D5D2A190F6200989975 /* HomeCoordinatorValues.swift in Sources */,
				4EC122852A4099FF00A931C5 /* OriginFactory.swift in Sources */,
				4EE3217A2A2184BE007F9A74 /* ResultCharacterDTO+Mapper.swift in Sources */,
				4EBBFFEA2A4DA1FA00953632 /* ItemEpisodeTableViewCell.swift in Sources */,
				4E0A18342A1143A70073B861 /* HomeCoordinator.swift in Sources */,
				4EAF0D472A167E5F00989975 /* HttpResponseStatus.swift in Sources */,
				4EC122872A40A4F700A931C5 /* LocationDetailFactory.swift in Sources */,
				4EAF0D592A18538E00989975 /* AppLocalized.swift in Sources */,
				4EBBFFDF2A4BBCC700953632 /* ResultEpisodeDTO+Mapper.swift in Sources */,
				4E0A184F2A12F60A0073B861 /* HomeMenuViewModel.swift in Sources */,
				4EE321932A2EBCA3007F9A74 /* ImageDataRepository.swift in Sources */,
				4EE321752A218014007F9A74 /* Info.swift in Sources */,
				4EC122AA2A40FD7100A931C5 /* ResultLocationDTO+Mapper.swift in Sources */,
				4EE3215B2A2035A8007F9A74 /* String+empty.swift in Sources */,
				4EAF0D5B2A18573700989975 /* Images.swift in Sources */,
				4E0A18482A12F4260073B861 /* MenuRepositoryImp.swift in Sources */,
				4EC1228C2A40AB8600A931C5 /* LocationDetailViewController.swift in Sources */,
				4EE3219B2A2FFEE6007F9A74 /* AppContainer.swift in Sources */,
				4EBBFFCA2A4BABF600953632 /* EpisodesFactory.swift in Sources */,
				4EAF0D4C2A16948500989975 /* MenuDTO+Mapper.swift in Sources */,
				4EE321612A203EBD007F9A74 /* Location.swift in Sources */,
				4E0A18382A11532F0073B861 /* ItemHomeMenuCell.swift in Sources */,
				4EC122A02A40F7B100A931C5 /* LocationDetailRepository.swift in Sources */,
				4EE321B62A363645007F9A74 /* CharacterDetailViewModel.swift in Sources */,
				4EE321882A28FB9E007F9A74 /* UITableViewController+SpinnerLast.swift in Sources */,
				4EE321A02A34EB60007F9A74 /* CharacterDetailViewController.swift in Sources */,
				4E0A17E02A0C679A0073B861 /* SceneDelegate.swift in Sources */,
				4EC122A82A40FC9E00A931C5 /* ResultLocationDTO.swift in Sources */,
				4EAF0D3E2A166DCA00989975 /* ApiClientService.swift in Sources */,
				4EC122AD2A4108AE00A931C5 /* LoadLocationsUseCase.swift in Sources */,
				4EC122972A40F0B500A931C5 /* LocationsViewController.swift in Sources */,
				4EC122B12A41150B00A931C5 /* LocationDetailRepositoryImp.swift in Sources */,
				4EC122BD2A41274000A931C5 /* LocationDetailViewModel.swift in Sources */,
				4EE3216A2A217AC8007F9A74 /* OriginDTO.swift in Sources */,
				4EE321782A21817D007F9A74 /* CharacterRepositoryImp.swift in Sources */,
				4EE3216E2A217C4E007F9A74 /* InfoDTO.swift in Sources */,
				4EE321572A203343007F9A74 /* Character.swift in Sources */,
				4EAF0D4A2A16917500989975 /* MenuDTO.swift in Sources */,
				4EE321A42A34ECC6007F9A74 /* CharacterDetailFactory.swift in Sources */,
				4EE321A22A34EC45007F9A74 /* CharacterDetailCoordinator.swift in Sources */,
				4EBBFFCC2A4BAF7700953632 /* EpisodesCoordinator.swift in Sources */,
				4EC122B62A41195C00A931C5 /* ItemLocationViewModel.swift in Sources */,
				4EBBFFE52A4BC2A100953632 /* LoadEpisodesUseCase.swift in Sources */,
				4EAF0D572A16F97D00989975 /* MessageDisplayable.swift in Sources */,
				4EC122932A40C5B800A931C5 /* LocationsCoordinator.swift in Sources */,
				4EC1228F2A40AF0400A931C5 /* OriginViewController.swift in Sources */,
				4EE3217D2A2815C7007F9A74 /* LoadCharactersUseCase.swift in Sources */,
				4EED25C12A1AC68C00D43823 /* CharacterFactory.swift in Sources */,
			);
			runOnlyForDeploymentPostprocessing = 0;
		};
		4E0A17EC2A0C679D0073B861 /* Sources */ = {
			isa = PBXSourcesBuildPhase;
			buildActionMask = 2147483647;
			files = (
				4E0A17F52A0C679D0073B861 /* RickAndMortyTests.swift in Sources */,
			);
			runOnlyForDeploymentPostprocessing = 0;
		};
		4E0A17F62A0C679D0073B861 /* Sources */ = {
			isa = PBXSourcesBuildPhase;
			buildActionMask = 2147483647;
			files = (
			);
			runOnlyForDeploymentPostprocessing = 0;
		};
/* End PBXSourcesBuildPhase section */

/* Begin PBXTargetDependency section */
		4E0A17F22A0C679D0073B861 /* PBXTargetDependency */ = {
			isa = PBXTargetDependency;
			target = 4E0A17D92A0C679A0073B861 /* RickAndMorty */;
			targetProxy = 4E0A17F12A0C679D0073B861 /* PBXContainerItemProxy */;
		};
		4E0A17FC2A0C679D0073B861 /* PBXTargetDependency */ = {
			isa = PBXTargetDependency;
			target = 4E0A17D92A0C679A0073B861 /* RickAndMorty */;
			targetProxy = 4E0A17FB2A0C679D0073B861 /* PBXContainerItemProxy */;
		};
/* End PBXTargetDependency section */

/* Begin PBXVariantGroup section */
		4E0A17E82A0C679C0073B861 /* LaunchScreen.storyboard */ = {
			isa = PBXVariantGroup;
			children = (
				4E0A17E92A0C679C0073B861 /* Base */,
			);
			name = LaunchScreen.storyboard;
			sourceTree = "<group>";
		};
/* End PBXVariantGroup section */

/* Begin XCBuildConfiguration section */
		4E0A18022A0C679D0073B861 /* Debug */ = {
			isa = XCBuildConfiguration;
			buildSettings = {
				ALWAYS_SEARCH_USER_PATHS = NO;
				CLANG_ANALYZER_NONNULL = YES;
				CLANG_ANALYZER_NUMBER_OBJECT_CONVERSION = YES_AGGRESSIVE;
				CLANG_CXX_LANGUAGE_STANDARD = "gnu++20";
				CLANG_ENABLE_MODULES = YES;
				CLANG_ENABLE_OBJC_ARC = YES;
				CLANG_ENABLE_OBJC_WEAK = YES;
				CLANG_WARN_BLOCK_CAPTURE_AUTORELEASING = YES;
				CLANG_WARN_BOOL_CONVERSION = YES;
				CLANG_WARN_COMMA = YES;
				CLANG_WARN_CONSTANT_CONVERSION = YES;
				CLANG_WARN_DEPRECATED_OBJC_IMPLEMENTATIONS = YES;
				CLANG_WARN_DIRECT_OBJC_ISA_USAGE = YES_ERROR;
				CLANG_WARN_DOCUMENTATION_COMMENTS = YES;
				CLANG_WARN_EMPTY_BODY = YES;
				CLANG_WARN_ENUM_CONVERSION = YES;
				CLANG_WARN_INFINITE_RECURSION = YES;
				CLANG_WARN_INT_CONVERSION = YES;
				CLANG_WARN_NON_LITERAL_NULL_CONVERSION = YES;
				CLANG_WARN_OBJC_IMPLICIT_RETAIN_SELF = YES;
				CLANG_WARN_OBJC_LITERAL_CONVERSION = YES;
				CLANG_WARN_OBJC_ROOT_CLASS = YES_ERROR;
				CLANG_WARN_QUOTED_INCLUDE_IN_FRAMEWORK_HEADER = YES;
				CLANG_WARN_RANGE_LOOP_ANALYSIS = YES;
				CLANG_WARN_STRICT_PROTOTYPES = YES;
				CLANG_WARN_SUSPICIOUS_MOVE = YES;
				CLANG_WARN_UNGUARDED_AVAILABILITY = YES_AGGRESSIVE;
				CLANG_WARN_UNREACHABLE_CODE = YES;
				CLANG_WARN__DUPLICATE_METHOD_MATCH = YES;
				COPY_PHASE_STRIP = NO;
				DEBUG_INFORMATION_FORMAT = dwarf;
				ENABLE_STRICT_OBJC_MSGSEND = YES;
				ENABLE_TESTABILITY = YES;
				GCC_C_LANGUAGE_STANDARD = gnu11;
				GCC_DYNAMIC_NO_PIC = NO;
				GCC_NO_COMMON_BLOCKS = YES;
				GCC_OPTIMIZATION_LEVEL = 0;
				GCC_PREPROCESSOR_DEFINITIONS = (
					"DEBUG=1",
					"$(inherited)",
				);
				GCC_WARN_64_TO_32_BIT_CONVERSION = YES;
				GCC_WARN_ABOUT_RETURN_TYPE = YES_ERROR;
				GCC_WARN_UNDECLARED_SELECTOR = YES;
				GCC_WARN_UNINITIALIZED_AUTOS = YES_AGGRESSIVE;
				GCC_WARN_UNUSED_FUNCTION = YES;
				GCC_WARN_UNUSED_VARIABLE = YES;
				IPHONEOS_DEPLOYMENT_TARGET = 16.4;
				MTL_ENABLE_DEBUG_INFO = INCLUDE_SOURCE;
				MTL_FAST_MATH = YES;
				ONLY_ACTIVE_ARCH = YES;
				SDKROOT = iphoneos;
				SWIFT_ACTIVE_COMPILATION_CONDITIONS = DEBUG;
				SWIFT_OPTIMIZATION_LEVEL = "-Onone";
			};
			name = Debug;
		};
		4E0A18032A0C679D0073B861 /* Release */ = {
			isa = XCBuildConfiguration;
			buildSettings = {
				ALWAYS_SEARCH_USER_PATHS = NO;
				CLANG_ANALYZER_NONNULL = YES;
				CLANG_ANALYZER_NUMBER_OBJECT_CONVERSION = YES_AGGRESSIVE;
				CLANG_CXX_LANGUAGE_STANDARD = "gnu++20";
				CLANG_ENABLE_MODULES = YES;
				CLANG_ENABLE_OBJC_ARC = YES;
				CLANG_ENABLE_OBJC_WEAK = YES;
				CLANG_WARN_BLOCK_CAPTURE_AUTORELEASING = YES;
				CLANG_WARN_BOOL_CONVERSION = YES;
				CLANG_WARN_COMMA = YES;
				CLANG_WARN_CONSTANT_CONVERSION = YES;
				CLANG_WARN_DEPRECATED_OBJC_IMPLEMENTATIONS = YES;
				CLANG_WARN_DIRECT_OBJC_ISA_USAGE = YES_ERROR;
				CLANG_WARN_DOCUMENTATION_COMMENTS = YES;
				CLANG_WARN_EMPTY_BODY = YES;
				CLANG_WARN_ENUM_CONVERSION = YES;
				CLANG_WARN_INFINITE_RECURSION = YES;
				CLANG_WARN_INT_CONVERSION = YES;
				CLANG_WARN_NON_LITERAL_NULL_CONVERSION = YES;
				CLANG_WARN_OBJC_IMPLICIT_RETAIN_SELF = YES;
				CLANG_WARN_OBJC_LITERAL_CONVERSION = YES;
				CLANG_WARN_OBJC_ROOT_CLASS = YES_ERROR;
				CLANG_WARN_QUOTED_INCLUDE_IN_FRAMEWORK_HEADER = YES;
				CLANG_WARN_RANGE_LOOP_ANALYSIS = YES;
				CLANG_WARN_STRICT_PROTOTYPES = YES;
				CLANG_WARN_SUSPICIOUS_MOVE = YES;
				CLANG_WARN_UNGUARDED_AVAILABILITY = YES_AGGRESSIVE;
				CLANG_WARN_UNREACHABLE_CODE = YES;
				CLANG_WARN__DUPLICATE_METHOD_MATCH = YES;
				COPY_PHASE_STRIP = NO;
				DEBUG_INFORMATION_FORMAT = "dwarf-with-dsym";
				ENABLE_NS_ASSERTIONS = NO;
				ENABLE_STRICT_OBJC_MSGSEND = YES;
				GCC_C_LANGUAGE_STANDARD = gnu11;
				GCC_NO_COMMON_BLOCKS = YES;
				GCC_WARN_64_TO_32_BIT_CONVERSION = YES;
				GCC_WARN_ABOUT_RETURN_TYPE = YES_ERROR;
				GCC_WARN_UNDECLARED_SELECTOR = YES;
				GCC_WARN_UNINITIALIZED_AUTOS = YES_AGGRESSIVE;
				GCC_WARN_UNUSED_FUNCTION = YES;
				GCC_WARN_UNUSED_VARIABLE = YES;
				IPHONEOS_DEPLOYMENT_TARGET = 16.4;
				MTL_ENABLE_DEBUG_INFO = NO;
				MTL_FAST_MATH = YES;
				SDKROOT = iphoneos;
				SWIFT_COMPILATION_MODE = wholemodule;
				SWIFT_OPTIMIZATION_LEVEL = "-O";
				VALIDATE_PRODUCT = YES;
			};
			name = Release;
		};
		4E0A18052A0C679D0073B861 /* Debug */ = {
			isa = XCBuildConfiguration;
			buildSettings = {
				ASSETCATALOG_COMPILER_APPICON_NAME = AppIcon;
				ASSETCATALOG_COMPILER_GLOBAL_ACCENT_COLOR_NAME = AccentColor;
				CODE_SIGN_STYLE = Automatic;
				CURRENT_PROJECT_VERSION = 1;
				DEVELOPMENT_TEAM = 87W96M29JK;
				GENERATE_INFOPLIST_FILE = YES;
				INFOPLIST_FILE = RickAndMorty/Info.plist;
				INFOPLIST_KEY_UIApplicationSupportsIndirectInputEvents = YES;
				INFOPLIST_KEY_UILaunchStoryboardName = LaunchScreen;
				INFOPLIST_KEY_UISupportedInterfaceOrientations = UIInterfaceOrientationPortrait;
				INFOPLIST_KEY_UISupportedInterfaceOrientations_iPad = "UIInterfaceOrientationLandscapeLeft UIInterfaceOrientationLandscapeRight UIInterfaceOrientationPortrait UIInterfaceOrientationPortraitUpsideDown";
				LD_RUNPATH_SEARCH_PATHS = (
					"$(inherited)",
					"@executable_path/Frameworks",
				);
				MARKETING_VERSION = 1.0;
				PRODUCT_BUNDLE_IDENTIFIER = com.Torres.RickAndMorty;
				PRODUCT_NAME = "$(TARGET_NAME)";
				SUPPORTED_PLATFORMS = "iphoneos iphonesimulator";
				SUPPORTS_MACCATALYST = NO;
				SUPPORTS_MAC_DESIGNED_FOR_IPHONE_IPAD = NO;
				SWIFT_EMIT_LOC_STRINGS = YES;
				SWIFT_VERSION = 5.0;
				TARGETED_DEVICE_FAMILY = 1;
			};
			name = Debug;
		};
		4E0A18062A0C679D0073B861 /* Release */ = {
			isa = XCBuildConfiguration;
			buildSettings = {
				ASSETCATALOG_COMPILER_APPICON_NAME = AppIcon;
				ASSETCATALOG_COMPILER_GLOBAL_ACCENT_COLOR_NAME = AccentColor;
				CODE_SIGN_STYLE = Automatic;
				CURRENT_PROJECT_VERSION = 1;
				DEVELOPMENT_TEAM = 87W96M29JK;
				GENERATE_INFOPLIST_FILE = YES;
				INFOPLIST_FILE = RickAndMorty/Info.plist;
				INFOPLIST_KEY_UIApplicationSupportsIndirectInputEvents = YES;
				INFOPLIST_KEY_UILaunchStoryboardName = LaunchScreen;
				INFOPLIST_KEY_UISupportedInterfaceOrientations = UIInterfaceOrientationPortrait;
				INFOPLIST_KEY_UISupportedInterfaceOrientations_iPad = "UIInterfaceOrientationLandscapeLeft UIInterfaceOrientationLandscapeRight UIInterfaceOrientationPortrait UIInterfaceOrientationPortraitUpsideDown";
				LD_RUNPATH_SEARCH_PATHS = (
					"$(inherited)",
					"@executable_path/Frameworks",
				);
				MARKETING_VERSION = 1.0;
				PRODUCT_BUNDLE_IDENTIFIER = com.Torres.RickAndMorty;
				PRODUCT_NAME = "$(TARGET_NAME)";
				SUPPORTED_PLATFORMS = "iphoneos iphonesimulator";
				SUPPORTS_MACCATALYST = NO;
				SUPPORTS_MAC_DESIGNED_FOR_IPHONE_IPAD = NO;
				SWIFT_EMIT_LOC_STRINGS = YES;
				SWIFT_VERSION = 5.0;
				TARGETED_DEVICE_FAMILY = 1;
			};
			name = Release;
		};
		4E0A18082A0C679D0073B861 /* Debug */ = {
			isa = XCBuildConfiguration;
			buildSettings = {
				ALWAYS_EMBED_SWIFT_STANDARD_LIBRARIES = YES;
				BUNDLE_LOADER = "$(TEST_HOST)";
				CODE_SIGN_STYLE = Automatic;
				CURRENT_PROJECT_VERSION = 1;
				DEVELOPMENT_TEAM = 87W96M29JK;
				GENERATE_INFOPLIST_FILE = YES;
				IPHONEOS_DEPLOYMENT_TARGET = 16.4;
				MARKETING_VERSION = 1.0;
				PRODUCT_BUNDLE_IDENTIFIER = com.Torres.RickAndMortyTests;
				PRODUCT_NAME = "$(TARGET_NAME)";
				SWIFT_EMIT_LOC_STRINGS = NO;
				SWIFT_VERSION = 5.0;
				TARGETED_DEVICE_FAMILY = "1,2";
				TEST_HOST = "$(BUILT_PRODUCTS_DIR)/RickAndMorty.app/$(BUNDLE_EXECUTABLE_FOLDER_PATH)/RickAndMorty";
			};
			name = Debug;
		};
		4E0A18092A0C679D0073B861 /* Release */ = {
			isa = XCBuildConfiguration;
			buildSettings = {
				ALWAYS_EMBED_SWIFT_STANDARD_LIBRARIES = YES;
				BUNDLE_LOADER = "$(TEST_HOST)";
				CODE_SIGN_STYLE = Automatic;
				CURRENT_PROJECT_VERSION = 1;
				DEVELOPMENT_TEAM = 87W96M29JK;
				GENERATE_INFOPLIST_FILE = YES;
				IPHONEOS_DEPLOYMENT_TARGET = 16.4;
				MARKETING_VERSION = 1.0;
				PRODUCT_BUNDLE_IDENTIFIER = com.Torres.RickAndMortyTests;
				PRODUCT_NAME = "$(TARGET_NAME)";
				SWIFT_EMIT_LOC_STRINGS = NO;
				SWIFT_VERSION = 5.0;
				TARGETED_DEVICE_FAMILY = "1,2";
				TEST_HOST = "$(BUILT_PRODUCTS_DIR)/RickAndMorty.app/$(BUNDLE_EXECUTABLE_FOLDER_PATH)/RickAndMorty";
			};
			name = Release;
		};
		4E0A180B2A0C679D0073B861 /* Debug */ = {
			isa = XCBuildConfiguration;
			buildSettings = {
				ALWAYS_EMBED_SWIFT_STANDARD_LIBRARIES = YES;
				CODE_SIGN_STYLE = Automatic;
				CURRENT_PROJECT_VERSION = 1;
				DEVELOPMENT_TEAM = 87W96M29JK;
				GENERATE_INFOPLIST_FILE = YES;
				MARKETING_VERSION = 1.0;
				PRODUCT_BUNDLE_IDENTIFIER = com.Torres.RickAndMortyUITests;
				PRODUCT_NAME = "$(TARGET_NAME)";
				SWIFT_EMIT_LOC_STRINGS = NO;
				SWIFT_VERSION = 5.0;
				TARGETED_DEVICE_FAMILY = "1,2";
				TEST_TARGET_NAME = RickAndMorty;
			};
			name = Debug;
		};
		4E0A180C2A0C679D0073B861 /* Release */ = {
			isa = XCBuildConfiguration;
			buildSettings = {
				ALWAYS_EMBED_SWIFT_STANDARD_LIBRARIES = YES;
				CODE_SIGN_STYLE = Automatic;
				CURRENT_PROJECT_VERSION = 1;
				DEVELOPMENT_TEAM = 87W96M29JK;
				GENERATE_INFOPLIST_FILE = YES;
				MARKETING_VERSION = 1.0;
				PRODUCT_BUNDLE_IDENTIFIER = com.Torres.RickAndMortyUITests;
				PRODUCT_NAME = "$(TARGET_NAME)";
				SWIFT_EMIT_LOC_STRINGS = NO;
				SWIFT_VERSION = 5.0;
				TARGETED_DEVICE_FAMILY = "1,2";
				TEST_TARGET_NAME = RickAndMorty;
			};
			name = Release;
		};
/* End XCBuildConfiguration section */

/* Begin XCConfigurationList section */
		4E0A17D52A0C679A0073B861 /* Build configuration list for PBXProject "RickAndMorty" */ = {
			isa = XCConfigurationList;
			buildConfigurations = (
				4E0A18022A0C679D0073B861 /* Debug */,
				4E0A18032A0C679D0073B861 /* Release */,
			);
			defaultConfigurationIsVisible = 0;
			defaultConfigurationName = Release;
		};
		4E0A18042A0C679D0073B861 /* Build configuration list for PBXNativeTarget "RickAndMorty" */ = {
			isa = XCConfigurationList;
			buildConfigurations = (
				4E0A18052A0C679D0073B861 /* Debug */,
				4E0A18062A0C679D0073B861 /* Release */,
			);
			defaultConfigurationIsVisible = 0;
			defaultConfigurationName = Release;
		};
		4E0A18072A0C679D0073B861 /* Build configuration list for PBXNativeTarget "RickAndMortyTests" */ = {
			isa = XCConfigurationList;
			buildConfigurations = (
				4E0A18082A0C679D0073B861 /* Debug */,
				4E0A18092A0C679D0073B861 /* Release */,
			);
			defaultConfigurationIsVisible = 0;
			defaultConfigurationName = Release;
		};
		4E0A180A2A0C679D0073B861 /* Build configuration list for PBXNativeTarget "RickAndMortyUITests" */ = {
			isa = XCConfigurationList;
			buildConfigurations = (
				4E0A180B2A0C679D0073B861 /* Debug */,
				4E0A180C2A0C679D0073B861 /* Release */,
			);
			defaultConfigurationIsVisible = 0;
			defaultConfigurationName = Release;
		};
/* End XCConfigurationList section */
	};
	rootObject = 4E0A17D22A0C679A0073B861 /* Project object */;
}
